// !$*UTF8*$!
{
	archiveVersion = 1;
	classes = {
	};
	objectVersion = 46;
	objects = {

/* Begin PBXBuildFile section */
		3A667BF717B54E07007E04F7 /* LoadingViewController.m in Sources */ = {isa = PBXBuildFile; fileRef = 3A667BF517B54E07007E04F7 /* LoadingViewController.m */; };
		3A667BF817B54E07007E04F7 /* LoadingViewController.xib in Resources */ = {isa = PBXBuildFile; fileRef = 3A667BF617B54E07007E04F7 /* LoadingViewController.xib */; };
		3A667BFB17B767D8007E04F7 /* UserModel.m in Sources */ = {isa = PBXBuildFile; fileRef = 3A667BFA17B767D8007E04F7 /* UserModel.m */; };
		3A667BFE17B7E772007E04F7 /* img-error@2x.png in Resources */ = {isa = PBXBuildFile; fileRef = 3A667BFC17B7E772007E04F7 /* img-error@2x.png */; };
		3A667BFF17B7E772007E04F7 /* img-loading@2x.png in Resources */ = {isa = PBXBuildFile; fileRef = 3A667BFD17B7E772007E04F7 /* img-loading@2x.png */; };
		3A667C0217B7E9E1007E04F7 /* UIImageView+Joke.m in Sources */ = {isa = PBXBuildFile; fileRef = 3A667C0117B7E9E1007E04F7 /* UIImageView+Joke.m */; };
		3A86A1D017B93A5D00D6CDAA /* VipIntroduceViewController.m in Sources */ = {isa = PBXBuildFile; fileRef = 3A86A1CE17B93A5D00D6CDAA /* VipIntroduceViewController.m */; };
		3A86A1D117B93A5D00D6CDAA /* VipIntroduceViewController.xib in Resources */ = {isa = PBXBuildFile; fileRef = 3A86A1CF17B93A5D00D6CDAA /* VipIntroduceViewController.xib */; };
		3A86A1D617B93A7000D6CDAA /* bugbtn-onpress@2x.png in Resources */ = {isa = PBXBuildFile; fileRef = 3A86A1D217B93A7000D6CDAA /* bugbtn-onpress@2x.png */; };
		3A86A1D717B93A7000D6CDAA /* bugbtn@2x.png in Resources */ = {isa = PBXBuildFile; fileRef = 3A86A1D317B93A7000D6CDAA /* bugbtn@2x.png */; };
		3A86A1D817B93A7000D6CDAA /* graybtn-onpress@2x.png in Resources */ = {isa = PBXBuildFile; fileRef = 3A86A1D417B93A7000D6CDAA /* graybtn-onpress@2x.png */; };
		3A86A1D917B93A7000D6CDAA /* graybtn@2x.png in Resources */ = {isa = PBXBuildFile; fileRef = 3A86A1D517B93A7000D6CDAA /* graybtn@2x.png */; };
		3A86A1DE17BA794600D6CDAA /* back@2x.png in Resources */ = {isa = PBXBuildFile; fileRef = 3A86A1DD17BA794600D6CDAA /* back@2x.png */; };
		3A86A1E417BA7DE800D6CDAA /* NavigatorBackBar.m in Sources */ = {isa = PBXBuildFile; fileRef = 3A86A1E317BA7DE700D6CDAA /* NavigatorBackBar.m */; };
		3A86A1E717BA800900D6CDAA /* NavigatorTitleLabel.m in Sources */ = {isa = PBXBuildFile; fileRef = 3A86A1E617BA800900D6CDAA /* NavigatorTitleLabel.m */; };
		3A86A1EB17BBCD0100D6CDAA /* LoginViewController.m in Sources */ = {isa = PBXBuildFile; fileRef = 3A86A1E917BBCD0100D6CDAA /* LoginViewController.m */; };
		3A86A1EC17BBCD0100D6CDAA /* LoginViewController.xib in Resources */ = {isa = PBXBuildFile; fileRef = 3A86A1EA17BBCD0100D6CDAA /* LoginViewController.xib */; };
		3A86A1EE17BBCFAE00D6CDAA /* input@2x.png in Resources */ = {isa = PBXBuildFile; fileRef = 3A86A1ED17BBCFAE00D6CDAA /* input@2x.png */; };
		3A86A1F217BBE37B00D6CDAA /* SignUpViewController.m in Sources */ = {isa = PBXBuildFile; fileRef = 3A86A1F017BBE37A00D6CDAA /* SignUpViewController.m */; };
		3A86A1F317BBE37B00D6CDAA /* SignUpViewController.xib in Resources */ = {isa = PBXBuildFile; fileRef = 3A86A1F117BBE37B00D6CDAA /* SignUpViewController.xib */; };
		3A86A1F717BBE3A100D6CDAA /* SignUpSuccessViewController.m in Sources */ = {isa = PBXBuildFile; fileRef = 3A86A1F517BBE3A000D6CDAA /* SignUpSuccessViewController.m */; };
		3A86A1F817BBE3A100D6CDAA /* SignUpSuccessViewController.xib in Resources */ = {isa = PBXBuildFile; fileRef = 3A86A1F617BBE3A000D6CDAA /* SignUpSuccessViewController.xib */; };
		3A86A1FB17BBE46500D6CDAA /* vip-big@2x.png in Resources */ = {isa = PBXBuildFile; fileRef = 3A86A1F917BBE46500D6CDAA /* vip-big@2x.png */; };
		3A86A1FC17BBE46500D6CDAA /* vip@2x.png in Resources */ = {isa = PBXBuildFile; fileRef = 3A86A1FA17BBE46500D6CDAA /* vip@2x.png */; };
		3A86A20117BD3D8100D6CDAA /* input.png in Resources */ = {isa = PBXBuildFile; fileRef = 3A86A20017BD3D8100D6CDAA /* input.png */; };
		3A86A20417BD3E8800D6CDAA /* graybtn-onpress.png in Resources */ = {isa = PBXBuildFile; fileRef = 3A86A20217BD3E8800D6CDAA /* graybtn-onpress.png */; };
		3A86A20517BD3E8800D6CDAA /* graybtn.png in Resources */ = {isa = PBXBuildFile; fileRef = 3A86A20317BD3E8800D6CDAA /* graybtn.png */; };
		3A86A20917BD407900D6CDAA /* LastJokeViewController.m in Sources */ = {isa = PBXBuildFile; fileRef = 3A86A20717BD407700D6CDAA /* LastJokeViewController.m */; };
		3A86A20A17BD407900D6CDAA /* LastJokeViewController.xib in Resources */ = {isa = PBXBuildFile; fileRef = 3A86A20817BD407800D6CDAA /* LastJokeViewController.xib */; };
		3A8FA0FF17BEA4A7005E320E /* PopHintViewController.m in Sources */ = {isa = PBXBuildFile; fileRef = 3A8FA0FD17BEA4A7005E320E /* PopHintViewController.m */; };
		3A8FA10017BEA4A7005E320E /* PopHintViewController.xib in Resources */ = {isa = PBXBuildFile; fileRef = 3A8FA0FE17BEA4A7005E320E /* PopHintViewController.xib */; };
		3A8FA10817C276E1005E320E /* SettingsViewController.m in Sources */ = {isa = PBXBuildFile; fileRef = 3A8FA10717C276E0005E320E /* SettingsViewController.m */; };
		3A8FA10B17C277F2005E320E /* SettingsModel.m in Sources */ = {isa = PBXBuildFile; fileRef = 3A8FA10A17C277F2005E320E /* SettingsModel.m */; };
		3A92840A17B2A18900E3AD54 /* Default@2x.png in Resources */ = {isa = PBXBuildFile; fileRef = 3A92840917B2A18900E3AD54 /* Default@2x.png */; };
		3A92840C17B2A1B000E3AD54 /* Default-568h@2x.png in Resources */ = {isa = PBXBuildFile; fileRef = 3A92840B17B2A1B000E3AD54 /* Default-568h@2x.png */; };
		3A92840E17B2A72C00E3AD54 /* icon.png in Resources */ = {isa = PBXBuildFile; fileRef = 3A92840D17B2A72C00E3AD54 /* icon.png */; };
		3A92841017B2A73200E3AD54 /* icon@2x.png in Resources */ = {isa = PBXBuildFile; fileRef = 3A92840F17B2A73200E3AD54 /* icon@2x.png */; };
		3A92841417B2B14600E3AD54 /* logo@2x.png in Resources */ = {isa = PBXBuildFile; fileRef = 3A92841217B2B14600E3AD54 /* logo@2x.png */; };
		3A92841517B2B14600E3AD54 /* topmenu@2x.png in Resources */ = {isa = PBXBuildFile; fileRef = 3A92841317B2B14600E3AD54 /* topmenu@2x.png */; };
		3A92841717B2B3D200E3AD54 /* login-icon@2x.png in Resources */ = {isa = PBXBuildFile; fileRef = 3A92841617B2B3D200E3AD54 /* login-icon@2x.png */; };
		3A92841D17B2B4F700E3AD54 /* pagebg-onpress@2x.png in Resources */ = {isa = PBXBuildFile; fileRef = 3A92841817B2B4F700E3AD54 /* pagebg-onpress@2x.png */; };
		3A92841E17B2B4F700E3AD54 /* pageleft-normal@2x.png in Resources */ = {isa = PBXBuildFile; fileRef = 3A92841917B2B4F700E3AD54 /* pageleft-normal@2x.png */; };
		3A92841F17B2B4F700E3AD54 /* pageleft-onpress@2x.png in Resources */ = {isa = PBXBuildFile; fileRef = 3A92841A17B2B4F700E3AD54 /* pageleft-onpress@2x.png */; };
		3A92842017B2B4F700E3AD54 /* pageright-normal@2x.png in Resources */ = {isa = PBXBuildFile; fileRef = 3A92841B17B2B4F700E3AD54 /* pageright-normal@2x.png */; };
		3A92842117B2B4F700E3AD54 /* pageright-onpress@2x.png in Resources */ = {isa = PBXBuildFile; fileRef = 3A92841C17B2B4F700E3AD54 /* pageright-onpress@2x.png */; };
		3A92842317B2B56400E3AD54 /* page@2x.png in Resources */ = {isa = PBXBuildFile; fileRef = 3A92842217B2B56400E3AD54 /* page@2x.png */; };
		3A92842517B3EA9F00E3AD54 /* contentbox@2x.png in Resources */ = {isa = PBXBuildFile; fileRef = 3A92842417B3EA9F00E3AD54 /* contentbox@2x.png */; };
		3AD9CE3617C3D3E0002C13AD /* CollectListViewController.m in Sources */ = {isa = PBXBuildFile; fileRef = 3AD9CE3517C3D3E0002C13AD /* CollectListViewController.m */; };
		3AD9CE3F17C50E12002C13AD /* CollectJokeViewController.m in Sources */ = {isa = PBXBuildFile; fileRef = 3AD9CE3D17C50E12002C13AD /* CollectJokeViewController.m */; };
		3AD9CE4017C50E12002C13AD /* CollectJokeViewController.xib in Resources */ = {isa = PBXBuildFile; fileRef = 3AD9CE3E17C50E12002C13AD /* CollectJokeViewController.xib */; };
		3AD9CE4317C51217002C13AD /* logout-onpress@2x.png in Resources */ = {isa = PBXBuildFile; fileRef = 3AD9CE4117C51217002C13AD /* logout-onpress@2x.png */; };
		3AD9CE4417C51217002C13AD /* logout@2x.png in Resources */ = {isa = PBXBuildFile; fileRef = 3AD9CE4217C51217002C13AD /* logout@2x.png */; };
		3AD9CE4917C516C6002C13AD /* SettingsLogoutCell.m in Sources */ = {isa = PBXBuildFile; fileRef = 3AD9CE4817C516C6002C13AD /* SettingsLogoutCell.m */; };
		3AEB404217B53B9100637722 /* share@2x.png in Resources */ = {isa = PBXBuildFile; fileRef = 3AEB404117B53B9100637722 /* share@2x.png */; };
		43BBBA0A17A7EC8F005BB170 /* JokeModel.xcdatamodeld in Sources */ = {isa = PBXBuildFile; fileRef = 43BBBA0817A7EC8F005BB170 /* JokeModel.xcdatamodeld */; };
		43BBBA1217A7ED00005BB170 /* CoreData.framework in Frameworks */ = {isa = PBXBuildFile; fileRef = 43BBBA1117A7ED00005BB170 /* CoreData.framework */; };
		43BBBA4F17A7ED2D005BB170 /* MagicalImportFunctions.m in Sources */ = {isa = PBXBuildFile; fileRef = 43BBBA1717A7ED2D005BB170 /* MagicalImportFunctions.m */; };
		43BBBA5017A7ED2D005BB170 /* NSAttributeDescription+MagicalDataImport.m in Sources */ = {isa = PBXBuildFile; fileRef = 43BBBA1917A7ED2D005BB170 /* NSAttributeDescription+MagicalDataImport.m */; };
		43BBBA5117A7ED2D005BB170 /* NSEntityDescription+MagicalDataImport.m in Sources */ = {isa = PBXBuildFile; fileRef = 43BBBA1B17A7ED2D005BB170 /* NSEntityDescription+MagicalDataImport.m */; };
		43BBBA5217A7ED2D005BB170 /* NSNumber+MagicalDataImport.m in Sources */ = {isa = PBXBuildFile; fileRef = 43BBBA1D17A7ED2D005BB170 /* NSNumber+MagicalDataImport.m */; };
		43BBBA5317A7ED2D005BB170 /* NSObject+MagicalDataImport.m in Sources */ = {isa = PBXBuildFile; fileRef = 43BBBA1F17A7ED2D005BB170 /* NSObject+MagicalDataImport.m */; };
		43BBBA5417A7ED2D005BB170 /* NSRelationshipDescription+MagicalDataImport.m in Sources */ = {isa = PBXBuildFile; fileRef = 43BBBA2117A7ED2D005BB170 /* NSRelationshipDescription+MagicalDataImport.m */; };
		43BBBA5517A7ED2D005BB170 /* NSString+MagicalDataImport.m in Sources */ = {isa = PBXBuildFile; fileRef = 43BBBA2317A7ED2D005BB170 /* NSString+MagicalDataImport.m */; };
		43BBBA5617A7ED2D005BB170 /* NSManagedObject+MagicalAggregation.m in Sources */ = {isa = PBXBuildFile; fileRef = 43BBBA2617A7ED2D005BB170 /* NSManagedObject+MagicalAggregation.m */; };
		43BBBA5717A7ED2D005BB170 /* NSManagedObject+MagicalDataImport.m in Sources */ = {isa = PBXBuildFile; fileRef = 43BBBA2817A7ED2D005BB170 /* NSManagedObject+MagicalDataImport.m */; };
		43BBBA5817A7ED2D005BB170 /* NSManagedObject+MagicalFinders.m in Sources */ = {isa = PBXBuildFile; fileRef = 43BBBA2A17A7ED2D005BB170 /* NSManagedObject+MagicalFinders.m */; };
		43BBBA5917A7ED2D005BB170 /* NSManagedObject+MagicalRecord.m in Sources */ = {isa = PBXBuildFile; fileRef = 43BBBA2C17A7ED2D005BB170 /* NSManagedObject+MagicalRecord.m */; };
		43BBBA5A17A7ED2D005BB170 /* NSManagedObject+MagicalRequests.m in Sources */ = {isa = PBXBuildFile; fileRef = 43BBBA2E17A7ED2D005BB170 /* NSManagedObject+MagicalRequests.m */; };
		43BBBA5B17A7ED2D005BB170 /* NSManagedObjectContext+MagicalObserving.m in Sources */ = {isa = PBXBuildFile; fileRef = 43BBBA3117A7ED2D005BB170 /* NSManagedObjectContext+MagicalObserving.m */; };
		43BBBA5C17A7ED2D005BB170 /* NSManagedObjectContext+MagicalRecord.m in Sources */ = {isa = PBXBuildFile; fileRef = 43BBBA3317A7ED2D005BB170 /* NSManagedObjectContext+MagicalRecord.m */; };
		43BBBA5D17A7ED2D005BB170 /* NSManagedObjectContext+MagicalSaves.m in Sources */ = {isa = PBXBuildFile; fileRef = 43BBBA3517A7ED2D005BB170 /* NSManagedObjectContext+MagicalSaves.m */; };
		43BBBA5E17A7ED2D005BB170 /* NSManagedObjectContext+MagicalThreading.m in Sources */ = {isa = PBXBuildFile; fileRef = 43BBBA3717A7ED2D005BB170 /* NSManagedObjectContext+MagicalThreading.m */; };
		43BBBA5F17A7ED2D005BB170 /* NSManagedObjectModel+MagicalRecord.m in Sources */ = {isa = PBXBuildFile; fileRef = 43BBBA3917A7ED2D005BB170 /* NSManagedObjectModel+MagicalRecord.m */; };
		43BBBA6017A7ED2D005BB170 /* NSPersistentStore+MagicalRecord.m in Sources */ = {isa = PBXBuildFile; fileRef = 43BBBA3B17A7ED2D005BB170 /* NSPersistentStore+MagicalRecord.m */; };
		43BBBA6117A7ED2D005BB170 /* NSPersistentStoreCoordinator+MagicalRecord.m in Sources */ = {isa = PBXBuildFile; fileRef = 43BBBA3D17A7ED2D005BB170 /* NSPersistentStoreCoordinator+MagicalRecord.m */; };
		43BBBA6217A7ED2D005BB170 /* MagicalRecord+Actions.m in Sources */ = {isa = PBXBuildFile; fileRef = 43BBBA4017A7ED2D005BB170 /* MagicalRecord+Actions.m */; };
		43BBBA6317A7ED2D005BB170 /* MagicalRecord+ErrorHandling.m in Sources */ = {isa = PBXBuildFile; fileRef = 43BBBA4217A7ED2D005BB170 /* MagicalRecord+ErrorHandling.m */; };
		43BBBA6417A7ED2D005BB170 /* MagicalRecord+iCloud.m in Sources */ = {isa = PBXBuildFile; fileRef = 43BBBA4417A7ED2D005BB170 /* MagicalRecord+iCloud.m */; };
		43BBBA6517A7ED2D005BB170 /* MagicalRecord+Options.m in Sources */ = {isa = PBXBuildFile; fileRef = 43BBBA4617A7ED2D005BB170 /* MagicalRecord+Options.m */; };
		43BBBA6617A7ED2D005BB170 /* MagicalRecord+Setup.m in Sources */ = {isa = PBXBuildFile; fileRef = 43BBBA4817A7ED2D005BB170 /* MagicalRecord+Setup.m */; };
		43BBBA6717A7ED2D005BB170 /* MagicalRecord+ShorthandSupport.m in Sources */ = {isa = PBXBuildFile; fileRef = 43BBBA4A17A7ED2D005BB170 /* MagicalRecord+ShorthandSupport.m */; };
		43BBBA6817A7ED2D005BB170 /* MagicalRecord.m in Sources */ = {isa = PBXBuildFile; fileRef = 43BBBA4C17A7ED2D005BB170 /* MagicalRecord.m */; };
		43E67C4E17AA568700953E17 /* Util.m in Sources */ = {isa = PBXBuildFile; fileRef = 43E67C4D17AA568700953E17 /* Util.m */; };
		43E67C5217AA74DE00953E17 /* JokeViewController.m in Sources */ = {isa = PBXBuildFile; fileRef = 43E67C5017AA74DE00953E17 /* JokeViewController.m */; };
		43E67C5317AA74DE00953E17 /* JokeViewController.xib in Resources */ = {isa = PBXBuildFile; fileRef = 43E67C5117AA74DE00953E17 /* JokeViewController.xib */; };
		43E67C5517AA81EC00953E17 /* wave-normal@2x.png in Resources */ = {isa = PBXBuildFile; fileRef = 43E67C5417AA81EC00953E17 /* wave-normal@2x.png */; };
		43E67C5817AA833300953E17 /* like-btn-normal@2x.png in Resources */ = {isa = PBXBuildFile; fileRef = 43E67C5617AA833300953E17 /* like-btn-normal@2x.png */; };
		43E67C5917AA833300953E17 /* liked-and-onpress@2x.png in Resources */ = {isa = PBXBuildFile; fileRef = 43E67C5717AA833300953E17 /* liked-and-onpress@2x.png */; };
		43E67C7817AA97D400953E17 /* MKAnnotationView+WebCache.m in Sources */ = {isa = PBXBuildFile; fileRef = 43E67C5C17AA97D400953E17 /* MKAnnotationView+WebCache.m */; };
		43E67C7917AA97D400953E17 /* NSData+GIF.m in Sources */ = {isa = PBXBuildFile; fileRef = 43E67C5E17AA97D400953E17 /* NSData+GIF.m */; };
		43E67C7A17AA97D400953E17 /* SDImageCache.m in Sources */ = {isa = PBXBuildFile; fileRef = 43E67C6017AA97D400953E17 /* SDImageCache.m */; };
		43E67C7B17AA97D400953E17 /* SDWebImageCompat.m in Sources */ = {isa = PBXBuildFile; fileRef = 43E67C6217AA97D400953E17 /* SDWebImageCompat.m */; };
		43E67C7C17AA97D400953E17 /* SDWebImageDecoder.m in Sources */ = {isa = PBXBuildFile; fileRef = 43E67C6417AA97D400953E17 /* SDWebImageDecoder.m */; };
		43E67C7D17AA97D400953E17 /* SDWebImageDownloader.m in Sources */ = {isa = PBXBuildFile; fileRef = 43E67C6617AA97D400953E17 /* SDWebImageDownloader.m */; };
		43E67C7E17AA97D400953E17 /* SDWebImageDownloaderOperation.m in Sources */ = {isa = PBXBuildFile; fileRef = 43E67C6817AA97D400953E17 /* SDWebImageDownloaderOperation.m */; };
		43E67C7F17AA97D400953E17 /* SDWebImageManager.m in Sources */ = {isa = PBXBuildFile; fileRef = 43E67C6A17AA97D400953E17 /* SDWebImageManager.m */; };
		43E67C8017AA97D400953E17 /* SDWebImagePrefetcher.m in Sources */ = {isa = PBXBuildFile; fileRef = 43E67C6D17AA97D400953E17 /* SDWebImagePrefetcher.m */; };
		43E67C8117AA97D400953E17 /* UIButton+WebCache.m in Sources */ = {isa = PBXBuildFile; fileRef = 43E67C6F17AA97D400953E17 /* UIButton+WebCache.m */; };
		43E67C8217AA97D400953E17 /* UIImage+GIF.m in Sources */ = {isa = PBXBuildFile; fileRef = 43E67C7117AA97D400953E17 /* UIImage+GIF.m */; };
		43E67C8317AA97D400953E17 /* UIImage+MultiFormat.m in Sources */ = {isa = PBXBuildFile; fileRef = 43E67C7317AA97D400953E17 /* UIImage+MultiFormat.m */; };
		43E67C8417AA97D400953E17 /* UIImage+WebP.m in Sources */ = {isa = PBXBuildFile; fileRef = 43E67C7517AA97D400953E17 /* UIImage+WebP.m */; };
		43E67C8517AA97D400953E17 /* UIImageView+WebCache.m in Sources */ = {isa = PBXBuildFile; fileRef = 43E67C7717AA97D400953E17 /* UIImageView+WebCache.m */; };
		43E67C8717AA994000953E17 /* ImageIO.framework in Frameworks */ = {isa = PBXBuildFile; fileRef = 43E67C8617AA994000953E17 /* ImageIO.framework */; };
		43E67C8917AA9B1800953E17 /* MapKit.framework in Frameworks */ = {isa = PBXBuildFile; fileRef = 43E67C8817AA9B1800953E17 /* MapKit.framework */; };
		43E9815D17A8F9E000910FBB /* iApi.m in Sources */ = {isa = PBXBuildFile; fileRef = 43E9815C17A8F9E000910FBB /* iApi.m */; };
		43E9816117A8FC8000910FBB /* NSString+JokeEncodeURI.m in Sources */ = {isa = PBXBuildFile; fileRef = 43E9816017A8FC8000910FBB /* NSString+JokeEncodeURI.m */; };
		43E9816717A901AA00910FBB /* JokeModel.m in Sources */ = {isa = PBXBuildFile; fileRef = 43E9816617A901AA00910FBB /* JokeModel.m */; };
		43E9817117A9023300910FBB /* playingwave-a@2x.png in Resources */ = {isa = PBXBuildFile; fileRef = 43E9816C17A9023300910FBB /* playingwave-a@2x.png */; };
		43E9817217A9023300910FBB /* playingwave-b@2x.png in Resources */ = {isa = PBXBuildFile; fileRef = 43E9816D17A9023300910FBB /* playingwave-b@2x.png */; };
		43E9817317A9023300910FBB /* playingwave-c@2x.png in Resources */ = {isa = PBXBuildFile; fileRef = 43E9816E17A9023300910FBB /* playingwave-c@2x.png */; };
		43E9817417A9023300910FBB /* sound-loading@2x.png in Resources */ = {isa = PBXBuildFile; fileRef = 43E9816F17A9023300910FBB /* sound-loading@2x.png */; };
		43E9817517A9023300910FBB /* sound-normal@2x.png in Resources */ = {isa = PBXBuildFile; fileRef = 43E9817017A9023300910FBB /* sound-normal@2x.png */; };
		43E9817817A908C400910FBB /* JSONModel.m in Sources */ = {isa = PBXBuildFile; fileRef = 43E9817717A908C400910FBB /* JSONModel.m */; };
		43E9817B17A9116200910FBB /* AudioViewController.m in Sources */ = {isa = PBXBuildFile; fileRef = 43E9817A17A9116200910FBB /* AudioViewController.m */; };
		43F08C6D178FA9F000778442 /* AudioModel.m in Sources */ = {isa = PBXBuildFile; fileRef = 43F08C6C178FA9F000778442 /* AudioModel.m */; };
		43F08C70178FAA4F00778442 /* AudioView.m in Sources */ = {isa = PBXBuildFile; fileRef = 43F08C6F178FAA4F00778442 /* AudioView.m */; };
		43F08C72178FB7F300778442 /* AVFoundation.framework in Frameworks */ = {isa = PBXBuildFile; fileRef = 43F08C71178FB7F300778442 /* AVFoundation.framework */; };
		43F3C20C178EB7F7002E0633 /* UIKit.framework in Frameworks */ = {isa = PBXBuildFile; fileRef = 43F3C20B178EB7F7002E0633 /* UIKit.framework */; };
		43F3C20E178EB7F7002E0633 /* Foundation.framework in Frameworks */ = {isa = PBXBuildFile; fileRef = 43F3C20D178EB7F7002E0633 /* Foundation.framework */; };
		43F3C210178EB7F7002E0633 /* CoreGraphics.framework in Frameworks */ = {isa = PBXBuildFile; fileRef = 43F3C20F178EB7F7002E0633 /* CoreGraphics.framework */; };
		43F3C216178EB7F7002E0633 /* InfoPlist.strings in Resources */ = {isa = PBXBuildFile; fileRef = 43F3C214178EB7F7002E0633 /* InfoPlist.strings */; };
		43F3C218178EB7F7002E0633 /* main.m in Sources */ = {isa = PBXBuildFile; fileRef = 43F3C217178EB7F7002E0633 /* main.m */; };
		43F3C21C178EB7F7002E0633 /* AppDelegate.m in Sources */ = {isa = PBXBuildFile; fileRef = 43F3C21B178EB7F7002E0633 /* AppDelegate.m */; };
		43F3C23E178EDC93002E0633 /* AFHTTPClient.m in Sources */ = {isa = PBXBuildFile; fileRef = 43F3C22C178EDC93002E0633 /* AFHTTPClient.m */; };
		43F3C23F178EDC93002E0633 /* AFHTTPRequestOperation.m in Sources */ = {isa = PBXBuildFile; fileRef = 43F3C22E178EDC93002E0633 /* AFHTTPRequestOperation.m */; };
		43F3C240178EDC93002E0633 /* AFImageRequestOperation.m in Sources */ = {isa = PBXBuildFile; fileRef = 43F3C230178EDC93002E0633 /* AFImageRequestOperation.m */; };
		43F3C241178EDC93002E0633 /* AFJSONRequestOperation.m in Sources */ = {isa = PBXBuildFile; fileRef = 43F3C232178EDC93002E0633 /* AFJSONRequestOperation.m */; };
		43F3C242178EDC93002E0633 /* AFNetworkActivityIndicatorManager.m in Sources */ = {isa = PBXBuildFile; fileRef = 43F3C234178EDC93002E0633 /* AFNetworkActivityIndicatorManager.m */; };
		43F3C243178EDC93002E0633 /* AFPropertyListRequestOperation.m in Sources */ = {isa = PBXBuildFile; fileRef = 43F3C237178EDC93002E0633 /* AFPropertyListRequestOperation.m */; };
		43F3C244178EDC93002E0633 /* AFURLConnectionOperation.m in Sources */ = {isa = PBXBuildFile; fileRef = 43F3C239178EDC93002E0633 /* AFURLConnectionOperation.m */; };
		43F3C245178EDC93002E0633 /* AFXMLRequestOperation.m in Sources */ = {isa = PBXBuildFile; fileRef = 43F3C23B178EDC93002E0633 /* AFXMLRequestOperation.m */; };
		43F3C246178EDC93002E0633 /* UIImageView+AFNetworking.m in Sources */ = {isa = PBXBuildFile; fileRef = 43F3C23D178EDC93002E0633 /* UIImageView+AFNetworking.m */; };
		43F3C25A178EE55A002E0633 /* MainViewController.m in Sources */ = {isa = PBXBuildFile; fileRef = 43F3C258178EE55A002E0633 /* MainViewController.m */; };
		43F3C25B178EE55A002E0633 /* MainViewController.xib in Resources */ = {isa = PBXBuildFile; fileRef = 43F3C259178EE55A002E0633 /* MainViewController.xib */; };
/* End PBXBuildFile section */

/* Begin PBXFileReference section */
		3A667BF417B54E07007E04F7 /* LoadingViewController.h */ = {isa = PBXFileReference; fileEncoding = 4; lastKnownFileType = sourcecode.c.h; path = LoadingViewController.h; sourceTree = "<group>"; };
		3A667BF517B54E07007E04F7 /* LoadingViewController.m */ = {isa = PBXFileReference; fileEncoding = 4; lastKnownFileType = sourcecode.c.objc; path = LoadingViewController.m; sourceTree = "<group>"; };
		3A667BF617B54E07007E04F7 /* LoadingViewController.xib */ = {isa = PBXFileReference; fileEncoding = 4; lastKnownFileType = file.xib; path = LoadingViewController.xib; sourceTree = "<group>"; };
		3A667BF917B767D8007E04F7 /* UserModel.h */ = {isa = PBXFileReference; fileEncoding = 4; lastKnownFileType = sourcecode.c.h; path = UserModel.h; sourceTree = "<group>"; };
		3A667BFA17B767D8007E04F7 /* UserModel.m */ = {isa = PBXFileReference; fileEncoding = 4; lastKnownFileType = sourcecode.c.objc; path = UserModel.m; sourceTree = "<group>"; };
		3A667BFC17B7E772007E04F7 /* img-error@2x.png */ = {isa = PBXFileReference; lastKnownFileType = image.png; path = "img-error@2x.png"; sourceTree = "<group>"; };
		3A667BFD17B7E772007E04F7 /* img-loading@2x.png */ = {isa = PBXFileReference; lastKnownFileType = image.png; path = "img-loading@2x.png"; sourceTree = "<group>"; };
		3A667C0017B7E9E0007E04F7 /* UIImageView+Joke.h */ = {isa = PBXFileReference; fileEncoding = 4; lastKnownFileType = sourcecode.c.h; name = "UIImageView+Joke.h"; path = "Classes/Util/UIImageView+Joke.h"; sourceTree = "<group>"; };
		3A667C0117B7E9E1007E04F7 /* UIImageView+Joke.m */ = {isa = PBXFileReference; fileEncoding = 4; lastKnownFileType = sourcecode.c.objc; name = "UIImageView+Joke.m"; path = "Classes/Util/UIImageView+Joke.m"; sourceTree = "<group>"; };
		3A86A1CD17B93A5D00D6CDAA /* VipIntroduceViewController.h */ = {isa = PBXFileReference; fileEncoding = 4; lastKnownFileType = sourcecode.c.h; path = VipIntroduceViewController.h; sourceTree = "<group>"; };
		3A86A1CE17B93A5D00D6CDAA /* VipIntroduceViewController.m */ = {isa = PBXFileReference; fileEncoding = 4; lastKnownFileType = sourcecode.c.objc; path = VipIntroduceViewController.m; sourceTree = "<group>"; };
		3A86A1CF17B93A5D00D6CDAA /* VipIntroduceViewController.xib */ = {isa = PBXFileReference; fileEncoding = 4; lastKnownFileType = file.xib; path = VipIntroduceViewController.xib; sourceTree = "<group>"; };
		3A86A1D217B93A7000D6CDAA /* bugbtn-onpress@2x.png */ = {isa = PBXFileReference; lastKnownFileType = image.png; path = "bugbtn-onpress@2x.png"; sourceTree = "<group>"; };
		3A86A1D317B93A7000D6CDAA /* bugbtn@2x.png */ = {isa = PBXFileReference; lastKnownFileType = image.png; path = "bugbtn@2x.png"; sourceTree = "<group>"; };
		3A86A1D417B93A7000D6CDAA /* graybtn-onpress@2x.png */ = {isa = PBXFileReference; lastKnownFileType = image.png; path = "graybtn-onpress@2x.png"; sourceTree = "<group>"; };
		3A86A1D517B93A7000D6CDAA /* graybtn@2x.png */ = {isa = PBXFileReference; lastKnownFileType = image.png; path = "graybtn@2x.png"; sourceTree = "<group>"; };
		3A86A1DD17BA794600D6CDAA /* back@2x.png */ = {isa = PBXFileReference; lastKnownFileType = image.png; path = "back@2x.png"; sourceTree = "<group>"; };
		3A86A1E217BA7DE700D6CDAA /* NavigatorBackBar.h */ = {isa = PBXFileReference; fileEncoding = 4; lastKnownFileType = sourcecode.c.h; path = NavigatorBackBar.h; sourceTree = "<group>"; };
		3A86A1E317BA7DE700D6CDAA /* NavigatorBackBar.m */ = {isa = PBXFileReference; fileEncoding = 4; lastKnownFileType = sourcecode.c.objc; path = NavigatorBackBar.m; sourceTree = "<group>"; };
		3A86A1E517BA800900D6CDAA /* NavigatorTitleLabel.h */ = {isa = PBXFileReference; fileEncoding = 4; lastKnownFileType = sourcecode.c.h; path = NavigatorTitleLabel.h; sourceTree = "<group>"; };
		3A86A1E617BA800900D6CDAA /* NavigatorTitleLabel.m */ = {isa = PBXFileReference; fileEncoding = 4; lastKnownFileType = sourcecode.c.objc; path = NavigatorTitleLabel.m; sourceTree = "<group>"; };
		3A86A1E817BBCD0100D6CDAA /* LoginViewController.h */ = {isa = PBXFileReference; fileEncoding = 4; lastKnownFileType = sourcecode.c.h; path = LoginViewController.h; sourceTree = "<group>"; };
		3A86A1E917BBCD0100D6CDAA /* LoginViewController.m */ = {isa = PBXFileReference; fileEncoding = 4; lastKnownFileType = sourcecode.c.objc; path = LoginViewController.m; sourceTree = "<group>"; };
		3A86A1EA17BBCD0100D6CDAA /* LoginViewController.xib */ = {isa = PBXFileReference; fileEncoding = 4; lastKnownFileType = file.xib; path = LoginViewController.xib; sourceTree = "<group>"; };
		3A86A1ED17BBCFAE00D6CDAA /* input@2x.png */ = {isa = PBXFileReference; lastKnownFileType = image.png; path = "input@2x.png"; sourceTree = "<group>"; };
		3A86A1EF17BBE37A00D6CDAA /* SignUpViewController.h */ = {isa = PBXFileReference; fileEncoding = 4; lastKnownFileType = sourcecode.c.h; path = SignUpViewController.h; sourceTree = "<group>"; };
		3A86A1F017BBE37A00D6CDAA /* SignUpViewController.m */ = {isa = PBXFileReference; fileEncoding = 4; lastKnownFileType = sourcecode.c.objc; path = SignUpViewController.m; sourceTree = "<group>"; };
		3A86A1F117BBE37B00D6CDAA /* SignUpViewController.xib */ = {isa = PBXFileReference; fileEncoding = 4; lastKnownFileType = file.xib; path = SignUpViewController.xib; sourceTree = "<group>"; };
		3A86A1F417BBE3A000D6CDAA /* SignUpSuccessViewController.h */ = {isa = PBXFileReference; fileEncoding = 4; lastKnownFileType = sourcecode.c.h; path = SignUpSuccessViewController.h; sourceTree = "<group>"; };
		3A86A1F517BBE3A000D6CDAA /* SignUpSuccessViewController.m */ = {isa = PBXFileReference; fileEncoding = 4; lastKnownFileType = sourcecode.c.objc; path = SignUpSuccessViewController.m; sourceTree = "<group>"; };
		3A86A1F617BBE3A000D6CDAA /* SignUpSuccessViewController.xib */ = {isa = PBXFileReference; fileEncoding = 4; lastKnownFileType = file.xib; path = SignUpSuccessViewController.xib; sourceTree = "<group>"; };
		3A86A1F917BBE46500D6CDAA /* vip-big@2x.png */ = {isa = PBXFileReference; lastKnownFileType = image.png; path = "vip-big@2x.png"; sourceTree = "<group>"; };
		3A86A1FA17BBE46500D6CDAA /* vip@2x.png */ = {isa = PBXFileReference; lastKnownFileType = image.png; path = "vip@2x.png"; sourceTree = "<group>"; };
		3A86A20017BD3D8100D6CDAA /* input.png */ = {isa = PBXFileReference; lastKnownFileType = image.png; path = input.png; sourceTree = "<group>"; };
		3A86A20217BD3E8800D6CDAA /* graybtn-onpress.png */ = {isa = PBXFileReference; lastKnownFileType = image.png; path = "graybtn-onpress.png"; sourceTree = "<group>"; };
		3A86A20317BD3E8800D6CDAA /* graybtn.png */ = {isa = PBXFileReference; lastKnownFileType = image.png; path = graybtn.png; sourceTree = "<group>"; };
		3A86A20617BD407600D6CDAA /* LastJokeViewController.h */ = {isa = PBXFileReference; fileEncoding = 4; lastKnownFileType = sourcecode.c.h; path = LastJokeViewController.h; sourceTree = "<group>"; };
		3A86A20717BD407700D6CDAA /* LastJokeViewController.m */ = {isa = PBXFileReference; fileEncoding = 4; lastKnownFileType = sourcecode.c.objc; path = LastJokeViewController.m; sourceTree = "<group>"; };
		3A86A20817BD407800D6CDAA /* LastJokeViewController.xib */ = {isa = PBXFileReference; fileEncoding = 4; lastKnownFileType = file.xib; path = LastJokeViewController.xib; sourceTree = "<group>"; };
		3A8FA0FC17BEA4A7005E320E /* PopHintViewController.h */ = {isa = PBXFileReference; fileEncoding = 4; lastKnownFileType = sourcecode.c.h; path = PopHintViewController.h; sourceTree = "<group>"; };
		3A8FA0FD17BEA4A7005E320E /* PopHintViewController.m */ = {isa = PBXFileReference; fileEncoding = 4; lastKnownFileType = sourcecode.c.objc; path = PopHintViewController.m; sourceTree = "<group>"; };
		3A8FA0FE17BEA4A7005E320E /* PopHintViewController.xib */ = {isa = PBXFileReference; fileEncoding = 4; lastKnownFileType = file.xib; path = PopHintViewController.xib; sourceTree = "<group>"; };
		3A8FA10617C276DF005E320E /* SettingsViewController.h */ = {isa = PBXFileReference; fileEncoding = 4; lastKnownFileType = sourcecode.c.h; path = SettingsViewController.h; sourceTree = "<group>"; };
		3A8FA10717C276E0005E320E /* SettingsViewController.m */ = {isa = PBXFileReference; fileEncoding = 4; lastKnownFileType = sourcecode.c.objc; path = SettingsViewController.m; sourceTree = "<group>"; };
		3A8FA10917C277F2005E320E /* SettingsModel.h */ = {isa = PBXFileReference; fileEncoding = 4; lastKnownFileType = sourcecode.c.h; path = SettingsModel.h; sourceTree = "<group>"; };
		3A8FA10A17C277F2005E320E /* SettingsModel.m */ = {isa = PBXFileReference; fileEncoding = 4; lastKnownFileType = sourcecode.c.objc; path = SettingsModel.m; sourceTree = "<group>"; };
		3A92840917B2A18900E3AD54 /* Default@2x.png */ = {isa = PBXFileReference; lastKnownFileType = image.png; name = "Default@2x.png"; path = "../Default@2x.png"; sourceTree = "<group>"; };
		3A92840B17B2A1B000E3AD54 /* Default-568h@2x.png */ = {isa = PBXFileReference; lastKnownFileType = image.png; name = "Default-568h@2x.png"; path = "../Default-568h@2x.png"; sourceTree = "<group>"; };
		3A92840D17B2A72C00E3AD54 /* icon.png */ = {isa = PBXFileReference; lastKnownFileType = image.png; name = icon.png; path = ../icon.png; sourceTree = "<group>"; };
		3A92840F17B2A73200E3AD54 /* icon@2x.png */ = {isa = PBXFileReference; lastKnownFileType = image.png; name = "icon@2x.png"; path = "../icon@2x.png"; sourceTree = "<group>"; };
		3A92841117B2AC2600E3AD54 /* defines.h */ = {isa = PBXFileReference; fileEncoding = 4; lastKnownFileType = sourcecode.c.h; path = defines.h; sourceTree = "<group>"; };
		3A92841217B2B14600E3AD54 /* logo@2x.png */ = {isa = PBXFileReference; lastKnownFileType = image.png; path = "logo@2x.png"; sourceTree = "<group>"; };
		3A92841317B2B14600E3AD54 /* topmenu@2x.png */ = {isa = PBXFileReference; lastKnownFileType = image.png; path = "topmenu@2x.png"; sourceTree = "<group>"; };
		3A92841617B2B3D200E3AD54 /* login-icon@2x.png */ = {isa = PBXFileReference; lastKnownFileType = image.png; path = "login-icon@2x.png"; sourceTree = "<group>"; };
		3A92841817B2B4F700E3AD54 /* pagebg-onpress@2x.png */ = {isa = PBXFileReference; lastKnownFileType = image.png; path = "pagebg-onpress@2x.png"; sourceTree = "<group>"; };
		3A92841917B2B4F700E3AD54 /* pageleft-normal@2x.png */ = {isa = PBXFileReference; lastKnownFileType = image.png; path = "pageleft-normal@2x.png"; sourceTree = "<group>"; };
		3A92841A17B2B4F700E3AD54 /* pageleft-onpress@2x.png */ = {isa = PBXFileReference; lastKnownFileType = image.png; path = "pageleft-onpress@2x.png"; sourceTree = "<group>"; };
		3A92841B17B2B4F700E3AD54 /* pageright-normal@2x.png */ = {isa = PBXFileReference; lastKnownFileType = image.png; path = "pageright-normal@2x.png"; sourceTree = "<group>"; };
		3A92841C17B2B4F700E3AD54 /* pageright-onpress@2x.png */ = {isa = PBXFileReference; lastKnownFileType = image.png; path = "pageright-onpress@2x.png"; sourceTree = "<group>"; };
		3A92842217B2B56400E3AD54 /* page@2x.png */ = {isa = PBXFileReference; lastKnownFileType = image.png; path = "page@2x.png"; sourceTree = "<group>"; };
		3A92842417B3EA9F00E3AD54 /* contentbox@2x.png */ = {isa = PBXFileReference; lastKnownFileType = image.png; path = "contentbox@2x.png"; sourceTree = "<group>"; };
		3AD9CE3417C3D3E0002C13AD /* CollectListViewController.h */ = {isa = PBXFileReference; fileEncoding = 4; lastKnownFileType = sourcecode.c.h; path = CollectListViewController.h; sourceTree = "<group>"; };
		3AD9CE3517C3D3E0002C13AD /* CollectListViewController.m */ = {isa = PBXFileReference; fileEncoding = 4; lastKnownFileType = sourcecode.c.objc; path = CollectListViewController.m; sourceTree = "<group>"; };
		3AD9CE3C17C50E12002C13AD /* CollectJokeViewController.h */ = {isa = PBXFileReference; fileEncoding = 4; lastKnownFileType = sourcecode.c.h; path = CollectJokeViewController.h; sourceTree = "<group>"; };
		3AD9CE3D17C50E12002C13AD /* CollectJokeViewController.m */ = {isa = PBXFileReference; fileEncoding = 4; lastKnownFileType = sourcecode.c.objc; path = CollectJokeViewController.m; sourceTree = "<group>"; };
		3AD9CE3E17C50E12002C13AD /* CollectJokeViewController.xib */ = {isa = PBXFileReference; fileEncoding = 4; lastKnownFileType = file.xib; path = CollectJokeViewController.xib; sourceTree = "<group>"; };
		3AD9CE4117C51217002C13AD /* logout-onpress@2x.png */ = {isa = PBXFileReference; lastKnownFileType = image.png; path = "logout-onpress@2x.png"; sourceTree = "<group>"; };
		3AD9CE4217C51217002C13AD /* logout@2x.png */ = {isa = PBXFileReference; lastKnownFileType = image.png; path = "logout@2x.png"; sourceTree = "<group>"; };
		3AD9CE4717C516C6002C13AD /* SettingsLogoutCell.h */ = {isa = PBXFileReference; fileEncoding = 4; lastKnownFileType = sourcecode.c.h; path = SettingsLogoutCell.h; sourceTree = "<group>"; };
		3AD9CE4817C516C6002C13AD /* SettingsLogoutCell.m */ = {isa = PBXFileReference; fileEncoding = 4; lastKnownFileType = sourcecode.c.objc; path = SettingsLogoutCell.m; sourceTree = "<group>"; };
		3AEB404117B53B9100637722 /* share@2x.png */ = {isa = PBXFileReference; lastKnownFileType = image.png; path = "share@2x.png"; sourceTree = "<group>"; };
		43BBBA0917A7EC8F005BB170 /* JokeModel.xcdatamodel */ = {isa = PBXFileReference; lastKnownFileType = wrapper.xcdatamodel; path = JokeModel.xcdatamodel; sourceTree = "<group>"; };
		43BBBA1117A7ED00005BB170 /* CoreData.framework */ = {isa = PBXFileReference; lastKnownFileType = wrapper.framework; name = CoreData.framework; path = System/Library/Frameworks/CoreData.framework; sourceTree = SDKROOT; };
		43BBBA1617A7ED2D005BB170 /* MagicalImportFunctions.h */ = {isa = PBXFileReference; fileEncoding = 4; lastKnownFileType = sourcecode.c.h; path = MagicalImportFunctions.h; sourceTree = "<group>"; };
		43BBBA1717A7ED2D005BB170 /* MagicalImportFunctions.m */ = {isa = PBXFileReference; fileEncoding = 4; lastKnownFileType = sourcecode.c.objc; path = MagicalImportFunctions.m; sourceTree = "<group>"; };
		43BBBA1817A7ED2D005BB170 /* NSAttributeDescription+MagicalDataImport.h */ = {isa = PBXFileReference; fileEncoding = 4; lastKnownFileType = sourcecode.c.h; path = "NSAttributeDescription+MagicalDataImport.h"; sourceTree = "<group>"; };
		43BBBA1917A7ED2D005BB170 /* NSAttributeDescription+MagicalDataImport.m */ = {isa = PBXFileReference; fileEncoding = 4; lastKnownFileType = sourcecode.c.objc; path = "NSAttributeDescription+MagicalDataImport.m"; sourceTree = "<group>"; };
		43BBBA1A17A7ED2D005BB170 /* NSEntityDescription+MagicalDataImport.h */ = {isa = PBXFileReference; fileEncoding = 4; lastKnownFileType = sourcecode.c.h; path = "NSEntityDescription+MagicalDataImport.h"; sourceTree = "<group>"; };
		43BBBA1B17A7ED2D005BB170 /* NSEntityDescription+MagicalDataImport.m */ = {isa = PBXFileReference; fileEncoding = 4; lastKnownFileType = sourcecode.c.objc; path = "NSEntityDescription+MagicalDataImport.m"; sourceTree = "<group>"; };
		43BBBA1C17A7ED2D005BB170 /* NSNumber+MagicalDataImport.h */ = {isa = PBXFileReference; fileEncoding = 4; lastKnownFileType = sourcecode.c.h; path = "NSNumber+MagicalDataImport.h"; sourceTree = "<group>"; };
		43BBBA1D17A7ED2D005BB170 /* NSNumber+MagicalDataImport.m */ = {isa = PBXFileReference; fileEncoding = 4; lastKnownFileType = sourcecode.c.objc; path = "NSNumber+MagicalDataImport.m"; sourceTree = "<group>"; };
		43BBBA1E17A7ED2D005BB170 /* NSObject+MagicalDataImport.h */ = {isa = PBXFileReference; fileEncoding = 4; lastKnownFileType = sourcecode.c.h; path = "NSObject+MagicalDataImport.h"; sourceTree = "<group>"; };
		43BBBA1F17A7ED2D005BB170 /* NSObject+MagicalDataImport.m */ = {isa = PBXFileReference; fileEncoding = 4; lastKnownFileType = sourcecode.c.objc; path = "NSObject+MagicalDataImport.m"; sourceTree = "<group>"; };
		43BBBA2017A7ED2D005BB170 /* NSRelationshipDescription+MagicalDataImport.h */ = {isa = PBXFileReference; fileEncoding = 4; lastKnownFileType = sourcecode.c.h; path = "NSRelationshipDescription+MagicalDataImport.h"; sourceTree = "<group>"; };
		43BBBA2117A7ED2D005BB170 /* NSRelationshipDescription+MagicalDataImport.m */ = {isa = PBXFileReference; fileEncoding = 4; lastKnownFileType = sourcecode.c.objc; path = "NSRelationshipDescription+MagicalDataImport.m"; sourceTree = "<group>"; };
		43BBBA2217A7ED2D005BB170 /* NSString+MagicalDataImport.h */ = {isa = PBXFileReference; fileEncoding = 4; lastKnownFileType = sourcecode.c.h; path = "NSString+MagicalDataImport.h"; sourceTree = "<group>"; };
		43BBBA2317A7ED2D005BB170 /* NSString+MagicalDataImport.m */ = {isa = PBXFileReference; fileEncoding = 4; lastKnownFileType = sourcecode.c.objc; path = "NSString+MagicalDataImport.m"; sourceTree = "<group>"; };
		43BBBA2517A7ED2D005BB170 /* NSManagedObject+MagicalAggregation.h */ = {isa = PBXFileReference; fileEncoding = 4; lastKnownFileType = sourcecode.c.h; path = "NSManagedObject+MagicalAggregation.h"; sourceTree = "<group>"; };
		43BBBA2617A7ED2D005BB170 /* NSManagedObject+MagicalAggregation.m */ = {isa = PBXFileReference; fileEncoding = 4; lastKnownFileType = sourcecode.c.objc; path = "NSManagedObject+MagicalAggregation.m"; sourceTree = "<group>"; };
		43BBBA2717A7ED2D005BB170 /* NSManagedObject+MagicalDataImport.h */ = {isa = PBXFileReference; fileEncoding = 4; lastKnownFileType = sourcecode.c.h; path = "NSManagedObject+MagicalDataImport.h"; sourceTree = "<group>"; };
		43BBBA2817A7ED2D005BB170 /* NSManagedObject+MagicalDataImport.m */ = {isa = PBXFileReference; fileEncoding = 4; lastKnownFileType = sourcecode.c.objc; path = "NSManagedObject+MagicalDataImport.m"; sourceTree = "<group>"; };
		43BBBA2917A7ED2D005BB170 /* NSManagedObject+MagicalFinders.h */ = {isa = PBXFileReference; fileEncoding = 4; lastKnownFileType = sourcecode.c.h; path = "NSManagedObject+MagicalFinders.h"; sourceTree = "<group>"; };
		43BBBA2A17A7ED2D005BB170 /* NSManagedObject+MagicalFinders.m */ = {isa = PBXFileReference; fileEncoding = 4; lastKnownFileType = sourcecode.c.objc; path = "NSManagedObject+MagicalFinders.m"; sourceTree = "<group>"; };
		43BBBA2B17A7ED2D005BB170 /* NSManagedObject+MagicalRecord.h */ = {isa = PBXFileReference; fileEncoding = 4; lastKnownFileType = sourcecode.c.h; path = "NSManagedObject+MagicalRecord.h"; sourceTree = "<group>"; };
		43BBBA2C17A7ED2D005BB170 /* NSManagedObject+MagicalRecord.m */ = {isa = PBXFileReference; fileEncoding = 4; lastKnownFileType = sourcecode.c.objc; path = "NSManagedObject+MagicalRecord.m"; sourceTree = "<group>"; };
		43BBBA2D17A7ED2D005BB170 /* NSManagedObject+MagicalRequests.h */ = {isa = PBXFileReference; fileEncoding = 4; lastKnownFileType = sourcecode.c.h; path = "NSManagedObject+MagicalRequests.h"; sourceTree = "<group>"; };
		43BBBA2E17A7ED2D005BB170 /* NSManagedObject+MagicalRequests.m */ = {isa = PBXFileReference; fileEncoding = 4; lastKnownFileType = sourcecode.c.objc; path = "NSManagedObject+MagicalRequests.m"; sourceTree = "<group>"; };
		43BBBA3017A7ED2D005BB170 /* NSManagedObjectContext+MagicalObserving.h */ = {isa = PBXFileReference; fileEncoding = 4; lastKnownFileType = sourcecode.c.h; path = "NSManagedObjectContext+MagicalObserving.h"; sourceTree = "<group>"; };
		43BBBA3117A7ED2D005BB170 /* NSManagedObjectContext+MagicalObserving.m */ = {isa = PBXFileReference; fileEncoding = 4; lastKnownFileType = sourcecode.c.objc; path = "NSManagedObjectContext+MagicalObserving.m"; sourceTree = "<group>"; };
		43BBBA3217A7ED2D005BB170 /* NSManagedObjectContext+MagicalRecord.h */ = {isa = PBXFileReference; fileEncoding = 4; lastKnownFileType = sourcecode.c.h; path = "NSManagedObjectContext+MagicalRecord.h"; sourceTree = "<group>"; };
		43BBBA3317A7ED2D005BB170 /* NSManagedObjectContext+MagicalRecord.m */ = {isa = PBXFileReference; fileEncoding = 4; lastKnownFileType = sourcecode.c.objc; path = "NSManagedObjectContext+MagicalRecord.m"; sourceTree = "<group>"; };
		43BBBA3417A7ED2D005BB170 /* NSManagedObjectContext+MagicalSaves.h */ = {isa = PBXFileReference; fileEncoding = 4; lastKnownFileType = sourcecode.c.h; path = "NSManagedObjectContext+MagicalSaves.h"; sourceTree = "<group>"; };
		43BBBA3517A7ED2D005BB170 /* NSManagedObjectContext+MagicalSaves.m */ = {isa = PBXFileReference; fileEncoding = 4; lastKnownFileType = sourcecode.c.objc; path = "NSManagedObjectContext+MagicalSaves.m"; sourceTree = "<group>"; };
		43BBBA3617A7ED2D005BB170 /* NSManagedObjectContext+MagicalThreading.h */ = {isa = PBXFileReference; fileEncoding = 4; lastKnownFileType = sourcecode.c.h; path = "NSManagedObjectContext+MagicalThreading.h"; sourceTree = "<group>"; };
		43BBBA3717A7ED2D005BB170 /* NSManagedObjectContext+MagicalThreading.m */ = {isa = PBXFileReference; fileEncoding = 4; lastKnownFileType = sourcecode.c.objc; path = "NSManagedObjectContext+MagicalThreading.m"; sourceTree = "<group>"; };
		43BBBA3817A7ED2D005BB170 /* NSManagedObjectModel+MagicalRecord.h */ = {isa = PBXFileReference; fileEncoding = 4; lastKnownFileType = sourcecode.c.h; path = "NSManagedObjectModel+MagicalRecord.h"; sourceTree = "<group>"; };
		43BBBA3917A7ED2D005BB170 /* NSManagedObjectModel+MagicalRecord.m */ = {isa = PBXFileReference; fileEncoding = 4; lastKnownFileType = sourcecode.c.objc; path = "NSManagedObjectModel+MagicalRecord.m"; sourceTree = "<group>"; };
		43BBBA3A17A7ED2D005BB170 /* NSPersistentStore+MagicalRecord.h */ = {isa = PBXFileReference; fileEncoding = 4; lastKnownFileType = sourcecode.c.h; path = "NSPersistentStore+MagicalRecord.h"; sourceTree = "<group>"; };
		43BBBA3B17A7ED2D005BB170 /* NSPersistentStore+MagicalRecord.m */ = {isa = PBXFileReference; fileEncoding = 4; lastKnownFileType = sourcecode.c.objc; path = "NSPersistentStore+MagicalRecord.m"; sourceTree = "<group>"; };
		43BBBA3C17A7ED2D005BB170 /* NSPersistentStoreCoordinator+MagicalRecord.h */ = {isa = PBXFileReference; fileEncoding = 4; lastKnownFileType = sourcecode.c.h; path = "NSPersistentStoreCoordinator+MagicalRecord.h"; sourceTree = "<group>"; };
		43BBBA3D17A7ED2D005BB170 /* NSPersistentStoreCoordinator+MagicalRecord.m */ = {isa = PBXFileReference; fileEncoding = 4; lastKnownFileType = sourcecode.c.objc; path = "NSPersistentStoreCoordinator+MagicalRecord.m"; sourceTree = "<group>"; };
		43BBBA3F17A7ED2D005BB170 /* MagicalRecord+Actions.h */ = {isa = PBXFileReference; fileEncoding = 4; lastKnownFileType = sourcecode.c.h; path = "MagicalRecord+Actions.h"; sourceTree = "<group>"; };
		43BBBA4017A7ED2D005BB170 /* MagicalRecord+Actions.m */ = {isa = PBXFileReference; fileEncoding = 4; lastKnownFileType = sourcecode.c.objc; path = "MagicalRecord+Actions.m"; sourceTree = "<group>"; };
		43BBBA4117A7ED2D005BB170 /* MagicalRecord+ErrorHandling.h */ = {isa = PBXFileReference; fileEncoding = 4; lastKnownFileType = sourcecode.c.h; path = "MagicalRecord+ErrorHandling.h"; sourceTree = "<group>"; };
		43BBBA4217A7ED2D005BB170 /* MagicalRecord+ErrorHandling.m */ = {isa = PBXFileReference; fileEncoding = 4; lastKnownFileType = sourcecode.c.objc; path = "MagicalRecord+ErrorHandling.m"; sourceTree = "<group>"; };
		43BBBA4317A7ED2D005BB170 /* MagicalRecord+iCloud.h */ = {isa = PBXFileReference; fileEncoding = 4; lastKnownFileType = sourcecode.c.h; path = "MagicalRecord+iCloud.h"; sourceTree = "<group>"; };
		43BBBA4417A7ED2D005BB170 /* MagicalRecord+iCloud.m */ = {isa = PBXFileReference; fileEncoding = 4; lastKnownFileType = sourcecode.c.objc; path = "MagicalRecord+iCloud.m"; sourceTree = "<group>"; };
		43BBBA4517A7ED2D005BB170 /* MagicalRecord+Options.h */ = {isa = PBXFileReference; fileEncoding = 4; lastKnownFileType = sourcecode.c.h; path = "MagicalRecord+Options.h"; sourceTree = "<group>"; };
		43BBBA4617A7ED2D005BB170 /* MagicalRecord+Options.m */ = {isa = PBXFileReference; fileEncoding = 4; lastKnownFileType = sourcecode.c.objc; path = "MagicalRecord+Options.m"; sourceTree = "<group>"; };
		43BBBA4717A7ED2D005BB170 /* MagicalRecord+Setup.h */ = {isa = PBXFileReference; fileEncoding = 4; lastKnownFileType = sourcecode.c.h; path = "MagicalRecord+Setup.h"; sourceTree = "<group>"; };
		43BBBA4817A7ED2D005BB170 /* MagicalRecord+Setup.m */ = {isa = PBXFileReference; fileEncoding = 4; lastKnownFileType = sourcecode.c.objc; path = "MagicalRecord+Setup.m"; sourceTree = "<group>"; };
		43BBBA4917A7ED2D005BB170 /* MagicalRecord+ShorthandSupport.h */ = {isa = PBXFileReference; fileEncoding = 4; lastKnownFileType = sourcecode.c.h; path = "MagicalRecord+ShorthandSupport.h"; sourceTree = "<group>"; };
		43BBBA4A17A7ED2D005BB170 /* MagicalRecord+ShorthandSupport.m */ = {isa = PBXFileReference; fileEncoding = 4; lastKnownFileType = sourcecode.c.objc; path = "MagicalRecord+ShorthandSupport.m"; sourceTree = "<group>"; };
		43BBBA4B17A7ED2D005BB170 /* MagicalRecord.h */ = {isa = PBXFileReference; fileEncoding = 4; lastKnownFileType = sourcecode.c.h; path = MagicalRecord.h; sourceTree = "<group>"; };
		43BBBA4C17A7ED2D005BB170 /* MagicalRecord.m */ = {isa = PBXFileReference; fileEncoding = 4; lastKnownFileType = sourcecode.c.objc; path = MagicalRecord.m; sourceTree = "<group>"; };
		43BBBA4D17A7ED2D005BB170 /* MagicalRecordShorthand.h */ = {isa = PBXFileReference; fileEncoding = 4; lastKnownFileType = sourcecode.c.h; path = MagicalRecordShorthand.h; sourceTree = "<group>"; };
		43BBBA4E17A7ED2D005BB170 /* CoreData+MagicalRecord.h */ = {isa = PBXFileReference; fileEncoding = 4; lastKnownFileType = sourcecode.c.h; path = "CoreData+MagicalRecord.h"; sourceTree = "<group>"; };
		43E67C4C17AA568700953E17 /* Util.h */ = {isa = PBXFileReference; fileEncoding = 4; lastKnownFileType = sourcecode.c.h; name = Util.h; path = Classes/Util/Util.h; sourceTree = "<group>"; };
		43E67C4D17AA568700953E17 /* Util.m */ = {isa = PBXFileReference; fileEncoding = 4; lastKnownFileType = sourcecode.c.objc; name = Util.m; path = Classes/Util/Util.m; sourceTree = "<group>"; };
		43E67C4F17AA74DE00953E17 /* JokeViewController.h */ = {isa = PBXFileReference; fileEncoding = 4; lastKnownFileType = sourcecode.c.h; path = JokeViewController.h; sourceTree = "<group>"; };
		43E67C5017AA74DE00953E17 /* JokeViewController.m */ = {isa = PBXFileReference; fileEncoding = 4; lastKnownFileType = sourcecode.c.objc; path = JokeViewController.m; sourceTree = "<group>"; };
		43E67C5117AA74DE00953E17 /* JokeViewController.xib */ = {isa = PBXFileReference; fileEncoding = 4; lastKnownFileType = file.xib; path = JokeViewController.xib; sourceTree = "<group>"; };
		43E67C5417AA81EC00953E17 /* wave-normal@2x.png */ = {isa = PBXFileReference; lastKnownFileType = image.png; path = "wave-normal@2x.png"; sourceTree = "<group>"; };
		43E67C5617AA833300953E17 /* like-btn-normal@2x.png */ = {isa = PBXFileReference; lastKnownFileType = image.png; path = "like-btn-normal@2x.png"; sourceTree = "<group>"; };
		43E67C5717AA833300953E17 /* liked-and-onpress@2x.png */ = {isa = PBXFileReference; lastKnownFileType = image.png; path = "liked-and-onpress@2x.png"; sourceTree = "<group>"; };
		43E67C5B17AA97D400953E17 /* MKAnnotationView+WebCache.h */ = {isa = PBXFileReference; fileEncoding = 4; lastKnownFileType = sourcecode.c.h; path = "MKAnnotationView+WebCache.h"; sourceTree = "<group>"; };
		43E67C5C17AA97D400953E17 /* MKAnnotationView+WebCache.m */ = {isa = PBXFileReference; fileEncoding = 4; lastKnownFileType = sourcecode.c.objc; path = "MKAnnotationView+WebCache.m"; sourceTree = "<group>"; };
		43E67C5D17AA97D400953E17 /* NSData+GIF.h */ = {isa = PBXFileReference; fileEncoding = 4; lastKnownFileType = sourcecode.c.h; path = "NSData+GIF.h"; sourceTree = "<group>"; };
		43E67C5E17AA97D400953E17 /* NSData+GIF.m */ = {isa = PBXFileReference; fileEncoding = 4; lastKnownFileType = sourcecode.c.objc; path = "NSData+GIF.m"; sourceTree = "<group>"; };
		43E67C5F17AA97D400953E17 /* SDImageCache.h */ = {isa = PBXFileReference; fileEncoding = 4; lastKnownFileType = sourcecode.c.h; path = SDImageCache.h; sourceTree = "<group>"; };
		43E67C6017AA97D400953E17 /* SDImageCache.m */ = {isa = PBXFileReference; fileEncoding = 4; lastKnownFileType = sourcecode.c.objc; path = SDImageCache.m; sourceTree = "<group>"; };
		43E67C6117AA97D400953E17 /* SDWebImageCompat.h */ = {isa = PBXFileReference; fileEncoding = 4; lastKnownFileType = sourcecode.c.h; path = SDWebImageCompat.h; sourceTree = "<group>"; };
		43E67C6217AA97D400953E17 /* SDWebImageCompat.m */ = {isa = PBXFileReference; fileEncoding = 4; lastKnownFileType = sourcecode.c.objc; path = SDWebImageCompat.m; sourceTree = "<group>"; };
		43E67C6317AA97D400953E17 /* SDWebImageDecoder.h */ = {isa = PBXFileReference; fileEncoding = 4; lastKnownFileType = sourcecode.c.h; path = SDWebImageDecoder.h; sourceTree = "<group>"; };
		43E67C6417AA97D400953E17 /* SDWebImageDecoder.m */ = {isa = PBXFileReference; fileEncoding = 4; lastKnownFileType = sourcecode.c.objc; path = SDWebImageDecoder.m; sourceTree = "<group>"; };
		43E67C6517AA97D400953E17 /* SDWebImageDownloader.h */ = {isa = PBXFileReference; fileEncoding = 4; lastKnownFileType = sourcecode.c.h; path = SDWebImageDownloader.h; sourceTree = "<group>"; };
		43E67C6617AA97D400953E17 /* SDWebImageDownloader.m */ = {isa = PBXFileReference; fileEncoding = 4; lastKnownFileType = sourcecode.c.objc; path = SDWebImageDownloader.m; sourceTree = "<group>"; };
		43E67C6717AA97D400953E17 /* SDWebImageDownloaderOperation.h */ = {isa = PBXFileReference; fileEncoding = 4; lastKnownFileType = sourcecode.c.h; path = SDWebImageDownloaderOperation.h; sourceTree = "<group>"; };
		43E67C6817AA97D400953E17 /* SDWebImageDownloaderOperation.m */ = {isa = PBXFileReference; fileEncoding = 4; lastKnownFileType = sourcecode.c.objc; path = SDWebImageDownloaderOperation.m; sourceTree = "<group>"; };
		43E67C6917AA97D400953E17 /* SDWebImageManager.h */ = {isa = PBXFileReference; fileEncoding = 4; lastKnownFileType = sourcecode.c.h; path = SDWebImageManager.h; sourceTree = "<group>"; };
		43E67C6A17AA97D400953E17 /* SDWebImageManager.m */ = {isa = PBXFileReference; fileEncoding = 4; lastKnownFileType = sourcecode.c.objc; path = SDWebImageManager.m; sourceTree = "<group>"; };
		43E67C6B17AA97D400953E17 /* SDWebImageOperation.h */ = {isa = PBXFileReference; fileEncoding = 4; lastKnownFileType = sourcecode.c.h; path = SDWebImageOperation.h; sourceTree = "<group>"; };
		43E67C6C17AA97D400953E17 /* SDWebImagePrefetcher.h */ = {isa = PBXFileReference; fileEncoding = 4; lastKnownFileType = sourcecode.c.h; path = SDWebImagePrefetcher.h; sourceTree = "<group>"; };
		43E67C6D17AA97D400953E17 /* SDWebImagePrefetcher.m */ = {isa = PBXFileReference; fileEncoding = 4; lastKnownFileType = sourcecode.c.objc; path = SDWebImagePrefetcher.m; sourceTree = "<group>"; };
		43E67C6E17AA97D400953E17 /* UIButton+WebCache.h */ = {isa = PBXFileReference; fileEncoding = 4; lastKnownFileType = sourcecode.c.h; path = "UIButton+WebCache.h"; sourceTree = "<group>"; };
		43E67C6F17AA97D400953E17 /* UIButton+WebCache.m */ = {isa = PBXFileReference; fileEncoding = 4; lastKnownFileType = sourcecode.c.objc; path = "UIButton+WebCache.m"; sourceTree = "<group>"; };
		43E67C7017AA97D400953E17 /* UIImage+GIF.h */ = {isa = PBXFileReference; fileEncoding = 4; lastKnownFileType = sourcecode.c.h; path = "UIImage+GIF.h"; sourceTree = "<group>"; };
		43E67C7117AA97D400953E17 /* UIImage+GIF.m */ = {isa = PBXFileReference; fileEncoding = 4; lastKnownFileType = sourcecode.c.objc; path = "UIImage+GIF.m"; sourceTree = "<group>"; };
		43E67C7217AA97D400953E17 /* UIImage+MultiFormat.h */ = {isa = PBXFileReference; fileEncoding = 4; lastKnownFileType = sourcecode.c.h; path = "UIImage+MultiFormat.h"; sourceTree = "<group>"; };
		43E67C7317AA97D400953E17 /* UIImage+MultiFormat.m */ = {isa = PBXFileReference; fileEncoding = 4; lastKnownFileType = sourcecode.c.objc; path = "UIImage+MultiFormat.m"; sourceTree = "<group>"; };
		43E67C7417AA97D400953E17 /* UIImage+WebP.h */ = {isa = PBXFileReference; fileEncoding = 4; lastKnownFileType = sourcecode.c.h; path = "UIImage+WebP.h"; sourceTree = "<group>"; };
		43E67C7517AA97D400953E17 /* UIImage+WebP.m */ = {isa = PBXFileReference; fileEncoding = 4; lastKnownFileType = sourcecode.c.objc; path = "UIImage+WebP.m"; sourceTree = "<group>"; };
		43E67C7617AA97D400953E17 /* UIImageView+WebCache.h */ = {isa = PBXFileReference; fileEncoding = 4; lastKnownFileType = sourcecode.c.h; path = "UIImageView+WebCache.h"; sourceTree = "<group>"; };
		43E67C7717AA97D400953E17 /* UIImageView+WebCache.m */ = {isa = PBXFileReference; fileEncoding = 4; lastKnownFileType = sourcecode.c.objc; path = "UIImageView+WebCache.m"; sourceTree = "<group>"; };
		43E67C8617AA994000953E17 /* ImageIO.framework */ = {isa = PBXFileReference; lastKnownFileType = wrapper.framework; name = ImageIO.framework; path = System/Library/Frameworks/ImageIO.framework; sourceTree = SDKROOT; };
		43E67C8817AA9B1800953E17 /* MapKit.framework */ = {isa = PBXFileReference; lastKnownFileType = wrapper.framework; name = MapKit.framework; path = System/Library/Frameworks/MapKit.framework; sourceTree = SDKROOT; };
		43E9815B17A8F9E000910FBB /* iApi.h */ = {isa = PBXFileReference; fileEncoding = 4; lastKnownFileType = sourcecode.c.h; name = iApi.h; path = Classes/Util/iApi.h; sourceTree = "<group>"; };
		43E9815C17A8F9E000910FBB /* iApi.m */ = {isa = PBXFileReference; fileEncoding = 4; lastKnownFileType = sourcecode.c.objc; name = iApi.m; path = Classes/Util/iApi.m; sourceTree = "<group>"; };
		43E9815F17A8FC8000910FBB /* NSString+JokeEncodeURI.h */ = {isa = PBXFileReference; fileEncoding = 4; lastKnownFileType = sourcecode.c.h; name = "NSString+JokeEncodeURI.h"; path = "NSString+urlEncode/NSString+JokeEncodeURI.h"; sourceTree = "<group>"; };
		43E9816017A8FC8000910FBB /* NSString+JokeEncodeURI.m */ = {isa = PBXFileReference; fileEncoding = 4; lastKnownFileType = sourcecode.c.objc; name = "NSString+JokeEncodeURI.m"; path = "NSString+urlEncode/NSString+JokeEncodeURI.m"; sourceTree = "<group>"; };
		43E9816517A901AA00910FBB /* JokeModel.h */ = {isa = PBXFileReference; fileEncoding = 4; lastKnownFileType = sourcecode.c.h; path = JokeModel.h; sourceTree = "<group>"; };
		43E9816617A901AA00910FBB /* JokeModel.m */ = {isa = PBXFileReference; fileEncoding = 4; lastKnownFileType = sourcecode.c.objc; path = JokeModel.m; sourceTree = "<group>"; };
		43E9816C17A9023300910FBB /* playingwave-a@2x.png */ = {isa = PBXFileReference; lastKnownFileType = image.png; path = "playingwave-a@2x.png"; sourceTree = "<group>"; };
		43E9816D17A9023300910FBB /* playingwave-b@2x.png */ = {isa = PBXFileReference; lastKnownFileType = image.png; path = "playingwave-b@2x.png"; sourceTree = "<group>"; };
		43E9816E17A9023300910FBB /* playingwave-c@2x.png */ = {isa = PBXFileReference; lastKnownFileType = image.png; path = "playingwave-c@2x.png"; sourceTree = "<group>"; };
		43E9816F17A9023300910FBB /* sound-loading@2x.png */ = {isa = PBXFileReference; lastKnownFileType = image.png; path = "sound-loading@2x.png"; sourceTree = "<group>"; };
		43E9817017A9023300910FBB /* sound-normal@2x.png */ = {isa = PBXFileReference; lastKnownFileType = image.png; path = "sound-normal@2x.png"; sourceTree = "<group>"; };
		43E9817617A908C400910FBB /* JSONModel.h */ = {isa = PBXFileReference; fileEncoding = 4; lastKnownFileType = sourcecode.c.h; path = JSONModel.h; sourceTree = "<group>"; };
		43E9817717A908C400910FBB /* JSONModel.m */ = {isa = PBXFileReference; fileEncoding = 4; lastKnownFileType = sourcecode.c.objc; path = JSONModel.m; sourceTree = "<group>"; };
		43E9817917A9116200910FBB /* AudioViewController.h */ = {isa = PBXFileReference; fileEncoding = 4; lastKnownFileType = sourcecode.c.h; path = AudioViewController.h; sourceTree = "<group>"; };
		43E9817A17A9116200910FBB /* AudioViewController.m */ = {isa = PBXFileReference; fileEncoding = 4; lastKnownFileType = sourcecode.c.objc; path = AudioViewController.m; sourceTree = "<group>"; };
		43F08C6B178FA9F000778442 /* AudioModel.h */ = {isa = PBXFileReference; fileEncoding = 4; lastKnownFileType = sourcecode.c.h; path = AudioModel.h; sourceTree = "<group>"; };
		43F08C6C178FA9F000778442 /* AudioModel.m */ = {isa = PBXFileReference; fileEncoding = 4; lastKnownFileType = sourcecode.c.objc; path = AudioModel.m; sourceTree = "<group>"; };
		43F08C6E178FAA4F00778442 /* AudioView.h */ = {isa = PBXFileReference; fileEncoding = 4; lastKnownFileType = sourcecode.c.h; path = AudioView.h; sourceTree = "<group>"; };
		43F08C6F178FAA4F00778442 /* AudioView.m */ = {isa = PBXFileReference; fileEncoding = 4; lastKnownFileType = sourcecode.c.objc; path = AudioView.m; sourceTree = "<group>"; };
		43F08C71178FB7F300778442 /* AVFoundation.framework */ = {isa = PBXFileReference; lastKnownFileType = wrapper.framework; name = AVFoundation.framework; path = System/Library/Frameworks/AVFoundation.framework; sourceTree = SDKROOT; };
		43F3C208178EB7F7002E0633 /* Joke.app */ = {isa = PBXFileReference; explicitFileType = wrapper.application; includeInIndex = 0; path = Joke.app; sourceTree = BUILT_PRODUCTS_DIR; };
		43F3C20B178EB7F7002E0633 /* UIKit.framework */ = {isa = PBXFileReference; lastKnownFileType = wrapper.framework; name = UIKit.framework; path = System/Library/Frameworks/UIKit.framework; sourceTree = SDKROOT; };
		43F3C20D178EB7F7002E0633 /* Foundation.framework */ = {isa = PBXFileReference; lastKnownFileType = wrapper.framework; name = Foundation.framework; path = System/Library/Frameworks/Foundation.framework; sourceTree = SDKROOT; };
		43F3C20F178EB7F7002E0633 /* CoreGraphics.framework */ = {isa = PBXFileReference; lastKnownFileType = wrapper.framework; name = CoreGraphics.framework; path = System/Library/Frameworks/CoreGraphics.framework; sourceTree = SDKROOT; };
		43F3C213178EB7F7002E0633 /* Joke-Info.plist */ = {isa = PBXFileReference; lastKnownFileType = text.plist.xml; path = "Joke-Info.plist"; sourceTree = "<group>"; };
		43F3C215178EB7F7002E0633 /* en */ = {isa = PBXFileReference; lastKnownFileType = text.plist.strings; name = en; path = en.lproj/InfoPlist.strings; sourceTree = "<group>"; };
		43F3C217178EB7F7002E0633 /* main.m */ = {isa = PBXFileReference; lastKnownFileType = sourcecode.c.objc; path = main.m; sourceTree = "<group>"; };
		43F3C219178EB7F7002E0633 /* Joke-Prefix.pch */ = {isa = PBXFileReference; lastKnownFileType = sourcecode.c.h; path = "Joke-Prefix.pch"; sourceTree = "<group>"; };
		43F3C21A178EB7F7002E0633 /* AppDelegate.h */ = {isa = PBXFileReference; lastKnownFileType = sourcecode.c.h; path = AppDelegate.h; sourceTree = "<group>"; };
		43F3C21B178EB7F7002E0633 /* AppDelegate.m */ = {isa = PBXFileReference; lastKnownFileType = sourcecode.c.objc; path = AppDelegate.m; sourceTree = "<group>"; };
		43F3C22B178EDC93002E0633 /* AFHTTPClient.h */ = {isa = PBXFileReference; fileEncoding = 4; lastKnownFileType = sourcecode.c.h; path = AFHTTPClient.h; sourceTree = "<group>"; };
		43F3C22C178EDC93002E0633 /* AFHTTPClient.m */ = {isa = PBXFileReference; fileEncoding = 4; lastKnownFileType = sourcecode.c.objc; path = AFHTTPClient.m; sourceTree = "<group>"; };
		43F3C22D178EDC93002E0633 /* AFHTTPRequestOperation.h */ = {isa = PBXFileReference; fileEncoding = 4; lastKnownFileType = sourcecode.c.h; path = AFHTTPRequestOperation.h; sourceTree = "<group>"; };
		43F3C22E178EDC93002E0633 /* AFHTTPRequestOperation.m */ = {isa = PBXFileReference; fileEncoding = 4; lastKnownFileType = sourcecode.c.objc; path = AFHTTPRequestOperation.m; sourceTree = "<group>"; };
		43F3C22F178EDC93002E0633 /* AFImageRequestOperation.h */ = {isa = PBXFileReference; fileEncoding = 4; lastKnownFileType = sourcecode.c.h; path = AFImageRequestOperation.h; sourceTree = "<group>"; };
		43F3C230178EDC93002E0633 /* AFImageRequestOperation.m */ = {isa = PBXFileReference; fileEncoding = 4; lastKnownFileType = sourcecode.c.objc; path = AFImageRequestOperation.m; sourceTree = "<group>"; };
		43F3C231178EDC93002E0633 /* AFJSONRequestOperation.h */ = {isa = PBXFileReference; fileEncoding = 4; lastKnownFileType = sourcecode.c.h; path = AFJSONRequestOperation.h; sourceTree = "<group>"; };
		43F3C232178EDC93002E0633 /* AFJSONRequestOperation.m */ = {isa = PBXFileReference; fileEncoding = 4; lastKnownFileType = sourcecode.c.objc; path = AFJSONRequestOperation.m; sourceTree = "<group>"; };
		43F3C233178EDC93002E0633 /* AFNetworkActivityIndicatorManager.h */ = {isa = PBXFileReference; fileEncoding = 4; lastKnownFileType = sourcecode.c.h; path = AFNetworkActivityIndicatorManager.h; sourceTree = "<group>"; };
		43F3C234178EDC93002E0633 /* AFNetworkActivityIndicatorManager.m */ = {isa = PBXFileReference; fileEncoding = 4; lastKnownFileType = sourcecode.c.objc; path = AFNetworkActivityIndicatorManager.m; sourceTree = "<group>"; };
		43F3C235178EDC93002E0633 /* AFNetworking.h */ = {isa = PBXFileReference; fileEncoding = 4; lastKnownFileType = sourcecode.c.h; path = AFNetworking.h; sourceTree = "<group>"; };
		43F3C236178EDC93002E0633 /* AFPropertyListRequestOperation.h */ = {isa = PBXFileReference; fileEncoding = 4; lastKnownFileType = sourcecode.c.h; path = AFPropertyListRequestOperation.h; sourceTree = "<group>"; };
		43F3C237178EDC93002E0633 /* AFPropertyListRequestOperation.m */ = {isa = PBXFileReference; fileEncoding = 4; lastKnownFileType = sourcecode.c.objc; path = AFPropertyListRequestOperation.m; sourceTree = "<group>"; };
		43F3C238178EDC93002E0633 /* AFURLConnectionOperation.h */ = {isa = PBXFileReference; fileEncoding = 4; lastKnownFileType = sourcecode.c.h; path = AFURLConnectionOperation.h; sourceTree = "<group>"; };
		43F3C239178EDC93002E0633 /* AFURLConnectionOperation.m */ = {isa = PBXFileReference; fileEncoding = 4; lastKnownFileType = sourcecode.c.objc; path = AFURLConnectionOperation.m; sourceTree = "<group>"; };
		43F3C23A178EDC93002E0633 /* AFXMLRequestOperation.h */ = {isa = PBXFileReference; fileEncoding = 4; lastKnownFileType = sourcecode.c.h; path = AFXMLRequestOperation.h; sourceTree = "<group>"; };
		43F3C23B178EDC93002E0633 /* AFXMLRequestOperation.m */ = {isa = PBXFileReference; fileEncoding = 4; lastKnownFileType = sourcecode.c.objc; path = AFXMLRequestOperation.m; sourceTree = "<group>"; };
		43F3C23C178EDC93002E0633 /* UIImageView+AFNetworking.h */ = {isa = PBXFileReference; fileEncoding = 4; lastKnownFileType = sourcecode.c.h; path = "UIImageView+AFNetworking.h"; sourceTree = "<group>"; };
		43F3C23D178EDC93002E0633 /* UIImageView+AFNetworking.m */ = {isa = PBXFileReference; fileEncoding = 4; lastKnownFileType = sourcecode.c.objc; path = "UIImageView+AFNetworking.m"; sourceTree = "<group>"; };
		43F3C257178EE55A002E0633 /* MainViewController.h */ = {isa = PBXFileReference; fileEncoding = 4; lastKnownFileType = sourcecode.c.h; path = MainViewController.h; sourceTree = "<group>"; };
		43F3C258178EE55A002E0633 /* MainViewController.m */ = {isa = PBXFileReference; fileEncoding = 4; lastKnownFileType = sourcecode.c.objc; path = MainViewController.m; sourceTree = "<group>"; };
		43F3C259178EE55A002E0633 /* MainViewController.xib */ = {isa = PBXFileReference; fileEncoding = 4; lastKnownFileType = file.xib; path = MainViewController.xib; sourceTree = "<group>"; };
/* End PBXFileReference section */

/* Begin PBXFrameworksBuildPhase section */
		43F3C205178EB7F7002E0633 /* Frameworks */ = {
			isa = PBXFrameworksBuildPhase;
			buildActionMask = 2147483647;
			files = (
				43F3C20C178EB7F7002E0633 /* UIKit.framework in Frameworks */,
				43F08C72178FB7F300778442 /* AVFoundation.framework in Frameworks */,
				43E67C8717AA994000953E17 /* ImageIO.framework in Frameworks */,
				43E67C8917AA9B1800953E17 /* MapKit.framework in Frameworks */,
				43BBBA1217A7ED00005BB170 /* CoreData.framework in Frameworks */,
				43F3C20E178EB7F7002E0633 /* Foundation.framework in Frameworks */,
				43F3C210178EB7F7002E0633 /* CoreGraphics.framework in Frameworks */,
			);
			runOnlyForDeploymentPostprocessing = 0;
		};
/* End PBXFrameworksBuildPhase section */

/* Begin PBXGroup section */
		3A86A1FF17BD3D7F00D6CDAA /* pngs_xib */ = {
			isa = PBXGroup;
			children = (
				3A86A20217BD3E8800D6CDAA /* graybtn-onpress.png */,
				3A86A20317BD3E8800D6CDAA /* graybtn.png */,
				3A86A20017BD3D8100D6CDAA /* input.png */,
			);
			name = pngs_xib;
			path = Classes/pngs_xib;
			sourceTree = "<group>";
		};
		43BBBA0717A7EC6A005BB170 /* CoreData */ = {
			isa = PBXGroup;
			children = (
				43BBBA0817A7EC8F005BB170 /* JokeModel.xcdatamodeld */,
			);
			path = CoreData;
			sourceTree = "<group>";
		};
		43BBBA1317A7ED2D005BB170 /* MagicalRecord */ = {
			isa = PBXGroup;
			children = (
				43BBBA1417A7ED2D005BB170 /* Categories */,
				43BBBA3E17A7ED2D005BB170 /* Core */,
				43BBBA4E17A7ED2D005BB170 /* CoreData+MagicalRecord.h */,
			);
			path = MagicalRecord;
			sourceTree = "<group>";
		};
		43BBBA1417A7ED2D005BB170 /* Categories */ = {
			isa = PBXGroup;
			children = (
				43BBBA1517A7ED2D005BB170 /* DataImport */,
				43BBBA2417A7ED2D005BB170 /* NSManagedObject */,
				43BBBA2F17A7ED2D005BB170 /* NSManagedObjectContext */,
				43BBBA3817A7ED2D005BB170 /* NSManagedObjectModel+MagicalRecord.h */,
				43BBBA3917A7ED2D005BB170 /* NSManagedObjectModel+MagicalRecord.m */,
				43BBBA3A17A7ED2D005BB170 /* NSPersistentStore+MagicalRecord.h */,
				43BBBA3B17A7ED2D005BB170 /* NSPersistentStore+MagicalRecord.m */,
				43BBBA3C17A7ED2D005BB170 /* NSPersistentStoreCoordinator+MagicalRecord.h */,
				43BBBA3D17A7ED2D005BB170 /* NSPersistentStoreCoordinator+MagicalRecord.m */,
			);
			path = Categories;
			sourceTree = "<group>";
		};
		43BBBA1517A7ED2D005BB170 /* DataImport */ = {
			isa = PBXGroup;
			children = (
				43BBBA1617A7ED2D005BB170 /* MagicalImportFunctions.h */,
				43BBBA1717A7ED2D005BB170 /* MagicalImportFunctions.m */,
				43BBBA1817A7ED2D005BB170 /* NSAttributeDescription+MagicalDataImport.h */,
				43BBBA1917A7ED2D005BB170 /* NSAttributeDescription+MagicalDataImport.m */,
				43BBBA1A17A7ED2D005BB170 /* NSEntityDescription+MagicalDataImport.h */,
				43BBBA1B17A7ED2D005BB170 /* NSEntityDescription+MagicalDataImport.m */,
				43BBBA1C17A7ED2D005BB170 /* NSNumber+MagicalDataImport.h */,
				43BBBA1D17A7ED2D005BB170 /* NSNumber+MagicalDataImport.m */,
				43BBBA1E17A7ED2D005BB170 /* NSObject+MagicalDataImport.h */,
				43BBBA1F17A7ED2D005BB170 /* NSObject+MagicalDataImport.m */,
				43BBBA2017A7ED2D005BB170 /* NSRelationshipDescription+MagicalDataImport.h */,
				43BBBA2117A7ED2D005BB170 /* NSRelationshipDescription+MagicalDataImport.m */,
				43BBBA2217A7ED2D005BB170 /* NSString+MagicalDataImport.h */,
				43BBBA2317A7ED2D005BB170 /* NSString+MagicalDataImport.m */,
			);
			path = DataImport;
			sourceTree = "<group>";
		};
		43BBBA2417A7ED2D005BB170 /* NSManagedObject */ = {
			isa = PBXGroup;
			children = (
				43BBBA2517A7ED2D005BB170 /* NSManagedObject+MagicalAggregation.h */,
				43BBBA2617A7ED2D005BB170 /* NSManagedObject+MagicalAggregation.m */,
				43BBBA2717A7ED2D005BB170 /* NSManagedObject+MagicalDataImport.h */,
				43BBBA2817A7ED2D005BB170 /* NSManagedObject+MagicalDataImport.m */,
				43BBBA2917A7ED2D005BB170 /* NSManagedObject+MagicalFinders.h */,
				43BBBA2A17A7ED2D005BB170 /* NSManagedObject+MagicalFinders.m */,
				43BBBA2B17A7ED2D005BB170 /* NSManagedObject+MagicalRecord.h */,
				43BBBA2C17A7ED2D005BB170 /* NSManagedObject+MagicalRecord.m */,
				43BBBA2D17A7ED2D005BB170 /* NSManagedObject+MagicalRequests.h */,
				43BBBA2E17A7ED2D005BB170 /* NSManagedObject+MagicalRequests.m */,
			);
			path = NSManagedObject;
			sourceTree = "<group>";
		};
		43BBBA2F17A7ED2D005BB170 /* NSManagedObjectContext */ = {
			isa = PBXGroup;
			children = (
				43BBBA3017A7ED2D005BB170 /* NSManagedObjectContext+MagicalObserving.h */,
				43BBBA3117A7ED2D005BB170 /* NSManagedObjectContext+MagicalObserving.m */,
				43BBBA3217A7ED2D005BB170 /* NSManagedObjectContext+MagicalRecord.h */,
				43BBBA3317A7ED2D005BB170 /* NSManagedObjectContext+MagicalRecord.m */,
				43BBBA3417A7ED2D005BB170 /* NSManagedObjectContext+MagicalSaves.h */,
				43BBBA3517A7ED2D005BB170 /* NSManagedObjectContext+MagicalSaves.m */,
				43BBBA3617A7ED2D005BB170 /* NSManagedObjectContext+MagicalThreading.h */,
				43BBBA3717A7ED2D005BB170 /* NSManagedObjectContext+MagicalThreading.m */,
			);
			path = NSManagedObjectContext;
			sourceTree = "<group>";
		};
		43BBBA3E17A7ED2D005BB170 /* Core */ = {
			isa = PBXGroup;
			children = (
				43BBBA3F17A7ED2D005BB170 /* MagicalRecord+Actions.h */,
				43BBBA4017A7ED2D005BB170 /* MagicalRecord+Actions.m */,
				43BBBA4117A7ED2D005BB170 /* MagicalRecord+ErrorHandling.h */,
				43BBBA4217A7ED2D005BB170 /* MagicalRecord+ErrorHandling.m */,
				43BBBA4317A7ED2D005BB170 /* MagicalRecord+iCloud.h */,
				43BBBA4417A7ED2D005BB170 /* MagicalRecord+iCloud.m */,
				43BBBA4517A7ED2D005BB170 /* MagicalRecord+Options.h */,
				43BBBA4617A7ED2D005BB170 /* MagicalRecord+Options.m */,
				43BBBA4717A7ED2D005BB170 /* MagicalRecord+Setup.h */,
				43BBBA4817A7ED2D005BB170 /* MagicalRecord+Setup.m */,
				43BBBA4917A7ED2D005BB170 /* MagicalRecord+ShorthandSupport.h */,
				43BBBA4A17A7ED2D005BB170 /* MagicalRecord+ShorthandSupport.m */,
				43BBBA4B17A7ED2D005BB170 /* MagicalRecord.h */,
				43BBBA4C17A7ED2D005BB170 /* MagicalRecord.m */,
				43BBBA4D17A7ED2D005BB170 /* MagicalRecordShorthand.h */,
			);
			path = Core;
			sourceTree = "<group>";
		};
		43E67C5A17AA97D400953E17 /* SDWebImage */ = {
			isa = PBXGroup;
			children = (
				43E67C5B17AA97D400953E17 /* MKAnnotationView+WebCache.h */,
				43E67C5C17AA97D400953E17 /* MKAnnotationView+WebCache.m */,
				43E67C5D17AA97D400953E17 /* NSData+GIF.h */,
				43E67C5E17AA97D400953E17 /* NSData+GIF.m */,
				43E67C5F17AA97D400953E17 /* SDImageCache.h */,
				43E67C6017AA97D400953E17 /* SDImageCache.m */,
				43E67C6117AA97D400953E17 /* SDWebImageCompat.h */,
				43E67C6217AA97D400953E17 /* SDWebImageCompat.m */,
				43E67C6317AA97D400953E17 /* SDWebImageDecoder.h */,
				43E67C6417AA97D400953E17 /* SDWebImageDecoder.m */,
				43E67C6517AA97D400953E17 /* SDWebImageDownloader.h */,
				43E67C6617AA97D400953E17 /* SDWebImageDownloader.m */,
				43E67C6717AA97D400953E17 /* SDWebImageDownloaderOperation.h */,
				43E67C6817AA97D400953E17 /* SDWebImageDownloaderOperation.m */,
				43E67C6917AA97D400953E17 /* SDWebImageManager.h */,
				43E67C6A17AA97D400953E17 /* SDWebImageManager.m */,
				43E67C6B17AA97D400953E17 /* SDWebImageOperation.h */,
				43E67C6C17AA97D400953E17 /* SDWebImagePrefetcher.h */,
				43E67C6D17AA97D400953E17 /* SDWebImagePrefetcher.m */,
				43E67C6E17AA97D400953E17 /* UIButton+WebCache.h */,
				43E67C6F17AA97D400953E17 /* UIButton+WebCache.m */,
				43E67C7017AA97D400953E17 /* UIImage+GIF.h */,
				43E67C7117AA97D400953E17 /* UIImage+GIF.m */,
				43E67C7217AA97D400953E17 /* UIImage+MultiFormat.h */,
				43E67C7317AA97D400953E17 /* UIImage+MultiFormat.m */,
				43E67C7417AA97D400953E17 /* UIImage+WebP.h */,
				43E67C7517AA97D400953E17 /* UIImage+WebP.m */,
				43E67C7617AA97D400953E17 /* UIImageView+WebCache.h */,
				43E67C7717AA97D400953E17 /* UIImageView+WebCache.m */,
			);
			path = SDWebImage;
			sourceTree = "<group>";
		};
		43E9815A17A8F9B000910FBB /* Util */ = {
			isa = PBXGroup;
			children = (
				43E9815B17A8F9E000910FBB /* iApi.h */,
				43E9815C17A8F9E000910FBB /* iApi.m */,
				43E67C4C17AA568700953E17 /* Util.h */,
				43E67C4D17AA568700953E17 /* Util.m */,
				3A667C0017B7E9E0007E04F7 /* UIImageView+Joke.h */,
				3A667C0117B7E9E1007E04F7 /* UIImageView+Joke.m */,
				3A92841117B2AC2600E3AD54 /* defines.h */,
			);
			name = Util;
			sourceTree = "<group>";
		};
		43E9815E17A8FBB300910FBB /* NSString+urlEncode */ = {
			isa = PBXGroup;
			children = (
				43E9815F17A8FC8000910FBB /* NSString+JokeEncodeURI.h */,
				43E9816017A8FC8000910FBB /* NSString+JokeEncodeURI.m */,
			);
			name = "NSString+urlEncode";
			sourceTree = "<group>";
		};
		43E9816B17A9023300910FBB /* pngs */ = {
			isa = PBXGroup;
			children = (
				3A86A1ED17BBCFAE00D6CDAA /* input@2x.png */,
				3AD9CE4117C51217002C13AD /* logout-onpress@2x.png */,
				3AD9CE4217C51217002C13AD /* logout@2x.png */,
				3A86A1F917BBE46500D6CDAA /* vip-big@2x.png */,
				3A86A1FA17BBE46500D6CDAA /* vip@2x.png */,
				3A86A1D217B93A7000D6CDAA /* bugbtn-onpress@2x.png */,
				3A86A1DD17BA794600D6CDAA /* back@2x.png */,
				3A86A1D317B93A7000D6CDAA /* bugbtn@2x.png */,
				3A86A1D417B93A7000D6CDAA /* graybtn-onpress@2x.png */,
				3A86A1D517B93A7000D6CDAA /* graybtn@2x.png */,
				3A667BFC17B7E772007E04F7 /* img-error@2x.png */,
				3A667BFD17B7E772007E04F7 /* img-loading@2x.png */,
				3AEB404117B53B9100637722 /* share@2x.png */,
				3A92842417B3EA9F00E3AD54 /* contentbox@2x.png */,
				3A92842217B2B56400E3AD54 /* page@2x.png */,
				3A92841817B2B4F700E3AD54 /* pagebg-onpress@2x.png */,
				3A92841917B2B4F700E3AD54 /* pageleft-normal@2x.png */,
				3A92841A17B2B4F700E3AD54 /* pageleft-onpress@2x.png */,
				3A92841B17B2B4F700E3AD54 /* pageright-normal@2x.png */,
				3A92841C17B2B4F700E3AD54 /* pageright-onpress@2x.png */,
				3A92841617B2B3D200E3AD54 /* login-icon@2x.png */,
				3A92841217B2B14600E3AD54 /* logo@2x.png */,
				3A92841317B2B14600E3AD54 /* topmenu@2x.png */,
				43E9816C17A9023300910FBB /* playingwave-a@2x.png */,
				43E9816D17A9023300910FBB /* playingwave-b@2x.png */,
				43E9816E17A9023300910FBB /* playingwave-c@2x.png */,
				43E9816F17A9023300910FBB /* sound-loading@2x.png */,
				43E9817017A9023300910FBB /* sound-normal@2x.png */,
				43E67C5417AA81EC00953E17 /* wave-normal@2x.png */,
				43E67C5617AA833300953E17 /* like-btn-normal@2x.png */,
				43E67C5717AA833300953E17 /* liked-and-onpress@2x.png */,
			);
			name = pngs;
			path = Classes/pngs;
			sourceTree = "<group>";
		};
		43F3C1FF178EB7F7002E0633 = {
			isa = PBXGroup;
			children = (
				43F3C229178EDC93002E0633 /* SDK */,
				43F3C228178EB988002E0633 /* Classes */,
				43F3C211178EB7F7002E0633 /* Joke */,
				43BBBA0717A7EC6A005BB170 /* CoreData */,
				43F3C20A178EB7F7002E0633 /* Frameworks */,
				43F3C209178EB7F7002E0633 /* Products */,
			);
			sourceTree = "<group>";
		};
		43F3C209178EB7F7002E0633 /* Products */ = {
			isa = PBXGroup;
			children = (
				43F3C208178EB7F7002E0633 /* Joke.app */,
			);
			name = Products;
			sourceTree = "<group>";
		};
		43F3C20A178EB7F7002E0633 /* Frameworks */ = {
			isa = PBXGroup;
			children = (
				43E67C8817AA9B1800953E17 /* MapKit.framework */,
				43E67C8617AA994000953E17 /* ImageIO.framework */,
				43BBBA1117A7ED00005BB170 /* CoreData.framework */,
				43F08C71178FB7F300778442 /* AVFoundation.framework */,
				43F3C20B178EB7F7002E0633 /* UIKit.framework */,
				43F3C20D178EB7F7002E0633 /* Foundation.framework */,
				43F3C20F178EB7F7002E0633 /* CoreGraphics.framework */,
			);
			name = Frameworks;
			sourceTree = "<group>";
		};
		43F3C211178EB7F7002E0633 /* Joke */ = {
			isa = PBXGroup;
			children = (
				43F3C21A178EB7F7002E0633 /* AppDelegate.h */,
				43F3C21B178EB7F7002E0633 /* AppDelegate.m */,
				43F3C212178EB7F7002E0633 /* Supporting Files */,
			);
			path = Joke;
			sourceTree = "<group>";
		};
		43F3C212178EB7F7002E0633 /* Supporting Files */ = {
			isa = PBXGroup;
			children = (
				3A92840D17B2A72C00E3AD54 /* icon.png */,
				3A92840F17B2A73200E3AD54 /* icon@2x.png */,
				3A92840B17B2A1B000E3AD54 /* Default-568h@2x.png */,
				3A92840917B2A18900E3AD54 /* Default@2x.png */,
				43F3C213178EB7F7002E0633 /* Joke-Info.plist */,
				43F3C214178EB7F7002E0633 /* InfoPlist.strings */,
				43F3C217178EB7F7002E0633 /* main.m */,
				43F3C219178EB7F7002E0633 /* Joke-Prefix.pch */,
			);
			name = "Supporting Files";
			sourceTree = "<group>";
		};
		43F3C228178EB988002E0633 /* Classes */ = {
			isa = PBXGroup;
			children = (
				3A86A1FF17BD3D7F00D6CDAA /* pngs_xib */,
				43E9816B17A9023300910FBB /* pngs */,
				43E9815A17A8F9B000910FBB /* Util */,
				43F3C254178EE532002E0633 /* Controllers */,
				43F3C255178EE532002E0633 /* Models */,
				43F3C256178EE532002E0633 /* Views */,
			);
			name = Classes;
			sourceTree = "<group>";
		};
		43F3C229178EDC93002E0633 /* SDK */ = {
			isa = PBXGroup;
			children = (
				43E67C5A17AA97D400953E17 /* SDWebImage */,
				43E9815E17A8FBB300910FBB /* NSString+urlEncode */,
				43BBBA1317A7ED2D005BB170 /* MagicalRecord */,
				43F3C22A178EDC93002E0633 /* AFNetworking */,
			);
			path = SDK;
			sourceTree = "<group>";
		};
		43F3C22A178EDC93002E0633 /* AFNetworking */ = {
			isa = PBXGroup;
			children = (
				43F3C22B178EDC93002E0633 /* AFHTTPClient.h */,
				43F3C22C178EDC93002E0633 /* AFHTTPClient.m */,
				43F3C22D178EDC93002E0633 /* AFHTTPRequestOperation.h */,
				43F3C22E178EDC93002E0633 /* AFHTTPRequestOperation.m */,
				43F3C22F178EDC93002E0633 /* AFImageRequestOperation.h */,
				43F3C230178EDC93002E0633 /* AFImageRequestOperation.m */,
				43F3C231178EDC93002E0633 /* AFJSONRequestOperation.h */,
				43F3C232178EDC93002E0633 /* AFJSONRequestOperation.m */,
				43F3C233178EDC93002E0633 /* AFNetworkActivityIndicatorManager.h */,
				43F3C234178EDC93002E0633 /* AFNetworkActivityIndicatorManager.m */,
				43F3C235178EDC93002E0633 /* AFNetworking.h */,
				43F3C236178EDC93002E0633 /* AFPropertyListRequestOperation.h */,
				43F3C237178EDC93002E0633 /* AFPropertyListRequestOperation.m */,
				43F3C238178EDC93002E0633 /* AFURLConnectionOperation.h */,
				43F3C239178EDC93002E0633 /* AFURLConnectionOperation.m */,
				43F3C23A178EDC93002E0633 /* AFXMLRequestOperation.h */,
				43F3C23B178EDC93002E0633 /* AFXMLRequestOperation.m */,
				43F3C23C178EDC93002E0633 /* UIImageView+AFNetworking.h */,
				43F3C23D178EDC93002E0633 /* UIImageView+AFNetworking.m */,
			);
			path = AFNetworking;
			sourceTree = "<group>";
		};
		43F3C254178EE532002E0633 /* Controllers */ = {
			isa = PBXGroup;
			children = (
				43F3C257178EE55A002E0633 /* MainViewController.h */,
				43F3C258178EE55A002E0633 /* MainViewController.m */,
				43F3C259178EE55A002E0633 /* MainViewController.xib */,
				43E67C4F17AA74DE00953E17 /* JokeViewController.h */,
				43E67C5017AA74DE00953E17 /* JokeViewController.m */,
				43E67C5117AA74DE00953E17 /* JokeViewController.xib */,
				43E9817917A9116200910FBB /* AudioViewController.h */,
				43E9817A17A9116200910FBB /* AudioViewController.m */,
				3A667BF417B54E07007E04F7 /* LoadingViewController.h */,
				3A667BF517B54E07007E04F7 /* LoadingViewController.m */,
				3A667BF617B54E07007E04F7 /* LoadingViewController.xib */,
				3A8FA0FC17BEA4A7005E320E /* PopHintViewController.h */,
				3A8FA0FD17BEA4A7005E320E /* PopHintViewController.m */,
				3A8FA0FE17BEA4A7005E320E /* PopHintViewController.xib */,
				3A86A20617BD407600D6CDAA /* LastJokeViewController.h */,
				3A86A20717BD407700D6CDAA /* LastJokeViewController.m */,
				3A86A20817BD407800D6CDAA /* LastJokeViewController.xib */,
				3A86A1CD17B93A5D00D6CDAA /* VipIntroduceViewController.h */,
				3A86A1CE17B93A5D00D6CDAA /* VipIntroduceViewController.m */,
				3A86A1CF17B93A5D00D6CDAA /* VipIntroduceViewController.xib */,
				3A86A1E817BBCD0100D6CDAA /* LoginViewController.h */,
				3A86A1E917BBCD0100D6CDAA /* LoginViewController.m */,
				3A86A1EA17BBCD0100D6CDAA /* LoginViewController.xib */,
				3A8FA10617C276DF005E320E /* SettingsViewController.h */,
				3A8FA10717C276E0005E320E /* SettingsViewController.m */,
				3AD9CE3417C3D3E0002C13AD /* CollectListViewController.h */,
				3AD9CE3517C3D3E0002C13AD /* CollectListViewController.m */,
				3AD9CE3C17C50E12002C13AD /* CollectJokeViewController.h */,
				3AD9CE3D17C50E12002C13AD /* CollectJokeViewController.m */,
				3AD9CE3E17C50E12002C13AD /* CollectJokeViewController.xib */,
				3A86A1EF17BBE37A00D6CDAA /* SignUpViewController.h */,
				3A86A1F017BBE37A00D6CDAA /* SignUpViewController.m */,
				3A86A1F117BBE37B00D6CDAA /* SignUpViewController.xib */,
				3A86A1F417BBE3A000D6CDAA /* SignUpSuccessViewController.h */,
				3A86A1F517BBE3A000D6CDAA /* SignUpSuccessViewController.m */,
				3A86A1F617BBE3A000D6CDAA /* SignUpSuccessViewController.xib */,
			);
			name = Controllers;
			path = Classes/Controllers;
			sourceTree = "<group>";
		};
		43F3C255178EE532002E0633 /* Models */ = {
			isa = PBXGroup;
			children = (
				43E9817617A908C400910FBB /* JSONModel.h */,
				43E9817717A908C400910FBB /* JSONModel.m */,
				43F08C6B178FA9F000778442 /* AudioModel.h */,
				43F08C6C178FA9F000778442 /* AudioModel.m */,
				43E9816517A901AA00910FBB /* JokeModel.h */,
				43E9816617A901AA00910FBB /* JokeModel.m */,
				3A667BF917B767D8007E04F7 /* UserModel.h */,
				3A667BFA17B767D8007E04F7 /* UserModel.m */,
				3A8FA10917C277F2005E320E /* SettingsModel.h */,
				3A8FA10A17C277F2005E320E /* SettingsModel.m */,
			);
			name = Models;
			path = Classes/Models;
			sourceTree = "<group>";
		};
		43F3C256178EE532002E0633 /* Views */ = {
			isa = PBXGroup;
			children = (
				43F08C6E178FAA4F00778442 /* AudioView.h */,
				43F08C6F178FAA4F00778442 /* AudioView.m */,
				3A86A1E217BA7DE700D6CDAA /* NavigatorBackBar.h */,
				3A86A1E317BA7DE700D6CDAA /* NavigatorBackBar.m */,
				3A86A1E517BA800900D6CDAA /* NavigatorTitleLabel.h */,
				3A86A1E617BA800900D6CDAA /* NavigatorTitleLabel.m */,
				3AD9CE4717C516C6002C13AD /* SettingsLogoutCell.h */,
				3AD9CE4817C516C6002C13AD /* SettingsLogoutCell.m */,
			);
			name = Views;
			path = Classes/Views;
			sourceTree = "<group>";
		};
/* End PBXGroup section */

/* Begin PBXNativeTarget section */
		43F3C207178EB7F7002E0633 /* Joke */ = {
			isa = PBXNativeTarget;
			buildConfigurationList = 43F3C225178EB7F7002E0633 /* Build configuration list for PBXNativeTarget "Joke" */;
			buildPhases = (
				43F3C204178EB7F7002E0633 /* Sources */,
				43F3C205178EB7F7002E0633 /* Frameworks */,
				43F3C206178EB7F7002E0633 /* Resources */,
			);
			buildRules = (
			);
			dependencies = (
			);
			name = Joke;
			productName = Joke;
			productReference = 43F3C208178EB7F7002E0633 /* Joke.app */;
			productType = "com.apple.product-type.application";
		};
/* End PBXNativeTarget section */

/* Begin PBXProject section */
		43F3C200178EB7F7002E0633 /* Project object */ = {
			isa = PBXProject;
			attributes = {
				LastUpgradeCheck = 0460;
				ORGANIZATIONNAME = iphone;
			};
			buildConfigurationList = 43F3C203178EB7F7002E0633 /* Build configuration list for PBXProject "Joke" */;
			compatibilityVersion = "Xcode 3.2";
			developmentRegion = English;
			hasScannedForEncodings = 0;
			knownRegions = (
				en,
			);
			mainGroup = 43F3C1FF178EB7F7002E0633;
			productRefGroup = 43F3C209178EB7F7002E0633 /* Products */;
			projectDirPath = "";
			projectRoot = "";
			targets = (
				43F3C207178EB7F7002E0633 /* Joke */,
			);
		};
/* End PBXProject section */

/* Begin PBXResourcesBuildPhase section */
		43F3C206178EB7F7002E0633 /* Resources */ = {
			isa = PBXResourcesBuildPhase;
			buildActionMask = 2147483647;
			files = (
				43F3C216178EB7F7002E0633 /* InfoPlist.strings in Resources */,
				43F3C25B178EE55A002E0633 /* MainViewController.xib in Resources */,
				43E9817117A9023300910FBB /* playingwave-a@2x.png in Resources */,
				43E9817217A9023300910FBB /* playingwave-b@2x.png in Resources */,
				43E9817317A9023300910FBB /* playingwave-c@2x.png in Resources */,
				43E9817417A9023300910FBB /* sound-loading@2x.png in Resources */,
				43E9817517A9023300910FBB /* sound-normal@2x.png in Resources */,
				43E67C5317AA74DE00953E17 /* JokeViewController.xib in Resources */,
				43E67C5517AA81EC00953E17 /* wave-normal@2x.png in Resources */,
				43E67C5817AA833300953E17 /* like-btn-normal@2x.png in Resources */,
				43E67C5917AA833300953E17 /* liked-and-onpress@2x.png in Resources */,
				3A92840A17B2A18900E3AD54 /* Default@2x.png in Resources */,
				3A92840C17B2A1B000E3AD54 /* Default-568h@2x.png in Resources */,
				3A92840E17B2A72C00E3AD54 /* icon.png in Resources */,
				3A92841017B2A73200E3AD54 /* icon@2x.png in Resources */,
				3A92841417B2B14600E3AD54 /* logo@2x.png in Resources */,
				3A92841517B2B14600E3AD54 /* topmenu@2x.png in Resources */,
				3A92841717B2B3D200E3AD54 /* login-icon@2x.png in Resources */,
				3A92841D17B2B4F700E3AD54 /* pagebg-onpress@2x.png in Resources */,
				3A92841E17B2B4F700E3AD54 /* pageleft-normal@2x.png in Resources */,
				3A92841F17B2B4F700E3AD54 /* pageleft-onpress@2x.png in Resources */,
				3A92842017B2B4F700E3AD54 /* pageright-normal@2x.png in Resources */,
				3A92842117B2B4F700E3AD54 /* pageright-onpress@2x.png in Resources */,
				3A92842317B2B56400E3AD54 /* page@2x.png in Resources */,
				3A92842517B3EA9F00E3AD54 /* contentbox@2x.png in Resources */,
				3AEB404217B53B9100637722 /* share@2x.png in Resources */,
				3A667BF817B54E07007E04F7 /* LoadingViewController.xib in Resources */,
				3A667BFE17B7E772007E04F7 /* img-error@2x.png in Resources */,
				3A667BFF17B7E772007E04F7 /* img-loading@2x.png in Resources */,
				3A86A1D117B93A5D00D6CDAA /* VipIntroduceViewController.xib in Resources */,
				3A86A1D617B93A7000D6CDAA /* bugbtn-onpress@2x.png in Resources */,
				3A86A1D717B93A7000D6CDAA /* bugbtn@2x.png in Resources */,
				3A86A1D817B93A7000D6CDAA /* graybtn-onpress@2x.png in Resources */,
				3A86A1D917B93A7000D6CDAA /* graybtn@2x.png in Resources */,
				3A86A1DE17BA794600D6CDAA /* back@2x.png in Resources */,
				3A86A1EC17BBCD0100D6CDAA /* LoginViewController.xib in Resources */,
				3A86A1EE17BBCFAE00D6CDAA /* input@2x.png in Resources */,
				3A86A1F317BBE37B00D6CDAA /* SignUpViewController.xib in Resources */,
				3A86A1F817BBE3A100D6CDAA /* SignUpSuccessViewController.xib in Resources */,
				3A86A1FB17BBE46500D6CDAA /* vip-big@2x.png in Resources */,
				3A86A1FC17BBE46500D6CDAA /* vip@2x.png in Resources */,
				3A86A20117BD3D8100D6CDAA /* input.png in Resources */,
				3A86A20417BD3E8800D6CDAA /* graybtn-onpress.png in Resources */,
				3A86A20517BD3E8800D6CDAA /* graybtn.png in Resources */,
				3A86A20A17BD407900D6CDAA /* LastJokeViewController.xib in Resources */,
				3A8FA10017BEA4A7005E320E /* PopHintViewController.xib in Resources */,
				3AD9CE4017C50E12002C13AD /* CollectJokeViewController.xib in Resources */,
				3AD9CE4317C51217002C13AD /* logout-onpress@2x.png in Resources */,
				3AD9CE4417C51217002C13AD /* logout@2x.png in Resources */,
			);
			runOnlyForDeploymentPostprocessing = 0;
		};
/* End PBXResourcesBuildPhase section */

/* Begin PBXSourcesBuildPhase section */
		43F3C204178EB7F7002E0633 /* Sources */ = {
			isa = PBXSourcesBuildPhase;
			buildActionMask = 2147483647;
			files = (
				43F3C218178EB7F7002E0633 /* main.m in Sources */,
				43F3C21C178EB7F7002E0633 /* AppDelegate.m in Sources */,
				43F3C23E178EDC93002E0633 /* AFHTTPClient.m in Sources */,
				43F3C23F178EDC93002E0633 /* AFHTTPRequestOperation.m in Sources */,
				43F3C240178EDC93002E0633 /* AFImageRequestOperation.m in Sources */,
				43F3C241178EDC93002E0633 /* AFJSONRequestOperation.m in Sources */,
				43F3C242178EDC93002E0633 /* AFNetworkActivityIndicatorManager.m in Sources */,
				43F3C243178EDC93002E0633 /* AFPropertyListRequestOperation.m in Sources */,
				43F3C244178EDC93002E0633 /* AFURLConnectionOperation.m in Sources */,
				43F3C245178EDC93002E0633 /* AFXMLRequestOperation.m in Sources */,
				43F3C246178EDC93002E0633 /* UIImageView+AFNetworking.m in Sources */,
				43F3C25A178EE55A002E0633 /* MainViewController.m in Sources */,
				43F08C6D178FA9F000778442 /* AudioModel.m in Sources */,
				43F08C70178FAA4F00778442 /* AudioView.m in Sources */,
				43BBBA0A17A7EC8F005BB170 /* JokeModel.xcdatamodeld in Sources */,
				43BBBA4F17A7ED2D005BB170 /* MagicalImportFunctions.m in Sources */,
				43BBBA5017A7ED2D005BB170 /* NSAttributeDescription+MagicalDataImport.m in Sources */,
				43BBBA5117A7ED2D005BB170 /* NSEntityDescription+MagicalDataImport.m in Sources */,
				43BBBA5217A7ED2D005BB170 /* NSNumber+MagicalDataImport.m in Sources */,
				43BBBA5317A7ED2D005BB170 /* NSObject+MagicalDataImport.m in Sources */,
				43BBBA5417A7ED2D005BB170 /* NSRelationshipDescription+MagicalDataImport.m in Sources */,
				43BBBA5517A7ED2D005BB170 /* NSString+MagicalDataImport.m in Sources */,
				43BBBA5617A7ED2D005BB170 /* NSManagedObject+MagicalAggregation.m in Sources */,
				43BBBA5717A7ED2D005BB170 /* NSManagedObject+MagicalDataImport.m in Sources */,
				43BBBA5817A7ED2D005BB170 /* NSManagedObject+MagicalFinders.m in Sources */,
				43BBBA5917A7ED2D005BB170 /* NSManagedObject+MagicalRecord.m in Sources */,
				43BBBA5A17A7ED2D005BB170 /* NSManagedObject+MagicalRequests.m in Sources */,
				43BBBA5B17A7ED2D005BB170 /* NSManagedObjectContext+MagicalObserving.m in Sources */,
				43BBBA5C17A7ED2D005BB170 /* NSManagedObjectContext+MagicalRecord.m in Sources */,
				43BBBA5D17A7ED2D005BB170 /* NSManagedObjectContext+MagicalSaves.m in Sources */,
				43BBBA5E17A7ED2D005BB170 /* NSManagedObjectContext+MagicalThreading.m in Sources */,
				43BBBA5F17A7ED2D005BB170 /* NSManagedObjectModel+MagicalRecord.m in Sources */,
				43BBBA6017A7ED2D005BB170 /* NSPersistentStore+MagicalRecord.m in Sources */,
				43BBBA6117A7ED2D005BB170 /* NSPersistentStoreCoordinator+MagicalRecord.m in Sources */,
				43BBBA6217A7ED2D005BB170 /* MagicalRecord+Actions.m in Sources */,
				43BBBA6317A7ED2D005BB170 /* MagicalRecord+ErrorHandling.m in Sources */,
				43BBBA6417A7ED2D005BB170 /* MagicalRecord+iCloud.m in Sources */,
				43BBBA6517A7ED2D005BB170 /* MagicalRecord+Options.m in Sources */,
				43BBBA6617A7ED2D005BB170 /* MagicalRecord+Setup.m in Sources */,
				43BBBA6717A7ED2D005BB170 /* MagicalRecord+ShorthandSupport.m in Sources */,
				43BBBA6817A7ED2D005BB170 /* MagicalRecord.m in Sources */,
				43E9815D17A8F9E000910FBB /* iApi.m in Sources */,
				43E9816117A8FC8000910FBB /* NSString+JokeEncodeURI.m in Sources */,
				43E9816717A901AA00910FBB /* JokeModel.m in Sources */,
				43E9817817A908C400910FBB /* JSONModel.m in Sources */,
				43E9817B17A9116200910FBB /* AudioViewController.m in Sources */,
				43E67C4E17AA568700953E17 /* Util.m in Sources */,
				43E67C5217AA74DE00953E17 /* JokeViewController.m in Sources */,
				43E67C7817AA97D400953E17 /* MKAnnotationView+WebCache.m in Sources */,
				43E67C7917AA97D400953E17 /* NSData+GIF.m in Sources */,
				43E67C7A17AA97D400953E17 /* SDImageCache.m in Sources */,
				43E67C7B17AA97D400953E17 /* SDWebImageCompat.m in Sources */,
				43E67C7C17AA97D400953E17 /* SDWebImageDecoder.m in Sources */,
				43E67C7D17AA97D400953E17 /* SDWebImageDownloader.m in Sources */,
				43E67C7E17AA97D400953E17 /* SDWebImageDownloaderOperation.m in Sources */,
				43E67C7F17AA97D400953E17 /* SDWebImageManager.m in Sources */,
				43E67C8017AA97D400953E17 /* SDWebImagePrefetcher.m in Sources */,
				43E67C8117AA97D400953E17 /* UIButton+WebCache.m in Sources */,
				43E67C8217AA97D400953E17 /* UIImage+GIF.m in Sources */,
				43E67C8317AA97D400953E17 /* UIImage+MultiFormat.m in Sources */,
				43E67C8417AA97D400953E17 /* UIImage+WebP.m in Sources */,
				43E67C8517AA97D400953E17 /* UIImageView+WebCache.m in Sources */,
				3A667BF717B54E07007E04F7 /* LoadingViewController.m in Sources */,
				3A667BFB17B767D8007E04F7 /* UserModel.m in Sources */,
				3A667C0217B7E9E1007E04F7 /* UIImageView+Joke.m in Sources */,
				3A86A1D017B93A5D00D6CDAA /* VipIntroduceViewController.m in Sources */,
				3A86A1E417BA7DE800D6CDAA /* NavigatorBackBar.m in Sources */,
				3A86A1E717BA800900D6CDAA /* NavigatorTitleLabel.m in Sources */,
				3A86A1EB17BBCD0100D6CDAA /* LoginViewController.m in Sources */,
				3A86A1F217BBE37B00D6CDAA /* SignUpViewController.m in Sources */,
				3A86A1F717BBE3A100D6CDAA /* SignUpSuccessViewController.m in Sources */,
				3A86A20917BD407900D6CDAA /* LastJokeViewController.m in Sources */,
				3A8FA0FF17BEA4A7005E320E /* PopHintViewController.m in Sources */,
				3A8FA10817C276E1005E320E /* SettingsViewController.m in Sources */,
				3A8FA10B17C277F2005E320E /* SettingsModel.m in Sources */,
				3AD9CE3617C3D3E0002C13AD /* CollectListViewController.m in Sources */,
				3AD9CE3F17C50E12002C13AD /* CollectJokeViewController.m in Sources */,
				3AD9CE4917C516C6002C13AD /* SettingsLogoutCell.m in Sources */,
			);
			runOnlyForDeploymentPostprocessing = 0;
		};
/* End PBXSourcesBuildPhase section */

/* Begin PBXVariantGroup section */
		43F3C214178EB7F7002E0633 /* InfoPlist.strings */ = {
			isa = PBXVariantGroup;
			children = (
				43F3C215178EB7F7002E0633 /* en */,
			);
			name = InfoPlist.strings;
			sourceTree = "<group>";
		};
/* End PBXVariantGroup section */

/* Begin XCBuildConfiguration section */
		43F3C223178EB7F7002E0633 /* Debug */ = {
			isa = XCBuildConfiguration;
			buildSettings = {
				ALWAYS_SEARCH_USER_PATHS = NO;
				CLANG_CXX_LANGUAGE_STANDARD = "gnu++0x";
				CLANG_CXX_LIBRARY = "libc++";
				CLANG_ENABLE_OBJC_ARC = YES;
				CLANG_WARN_CONSTANT_CONVERSION = YES;
				CLANG_WARN_EMPTY_BODY = YES;
				CLANG_WARN_ENUM_CONVERSION = YES;
				CLANG_WARN_INT_CONVERSION = YES;
				CLANG_WARN__DUPLICATE_METHOD_MATCH = YES;
				"CODE_SIGN_IDENTITY[sdk=iphoneos*]" = "iPhone Developer";
				COPY_PHASE_STRIP = NO;
				GCC_C_LANGUAGE_STANDARD = gnu99;
				GCC_DYNAMIC_NO_PIC = NO;
				GCC_OPTIMIZATION_LEVEL = 0;
				GCC_PREPROCESSOR_DEFINITIONS = (
					"DEBUG=1",
					"$(inherited)",
				);
				GCC_SYMBOLS_PRIVATE_EXTERN = NO;
				GCC_WARN_ABOUT_RETURN_TYPE = YES;
				GCC_WARN_UNINITIALIZED_AUTOS = YES;
				GCC_WARN_UNUSED_VARIABLE = YES;
				IPHONEOS_DEPLOYMENT_TARGET = 6.1;
				ONLY_ACTIVE_ARCH = YES;
				SDKROOT = iphoneos;
			};
			name = Debug;
		};
		43F3C224178EB7F7002E0633 /* Release */ = {
			isa = XCBuildConfiguration;
			buildSettings = {
				ALWAYS_SEARCH_USER_PATHS = NO;
				CLANG_CXX_LANGUAGE_STANDARD = "gnu++0x";
				CLANG_CXX_LIBRARY = "libc++";
				CLANG_ENABLE_OBJC_ARC = YES;
				CLANG_WARN_CONSTANT_CONVERSION = YES;
				CLANG_WARN_EMPTY_BODY = YES;
				CLANG_WARN_ENUM_CONVERSION = YES;
				CLANG_WARN_INT_CONVERSION = YES;
				CLANG_WARN__DUPLICATE_METHOD_MATCH = YES;
				"CODE_SIGN_IDENTITY[sdk=iphoneos*]" = "iPhone Developer";
				COPY_PHASE_STRIP = YES;
				GCC_C_LANGUAGE_STANDARD = gnu99;
				GCC_WARN_ABOUT_RETURN_TYPE = YES;
				GCC_WARN_UNINITIALIZED_AUTOS = YES;
				GCC_WARN_UNUSED_VARIABLE = YES;
				IPHONEOS_DEPLOYMENT_TARGET = 6.1;
				OTHER_CFLAGS = "-DNS_BLOCK_ASSERTIONS=1";
				SDKROOT = iphoneos;
				VALIDATE_PRODUCT = YES;
			};
			name = Release;
		};
		43F3C226178EB7F7002E0633 /* Debug */ = {
			isa = XCBuildConfiguration;
			buildSettings = {
				CODE_SIGN_IDENTITY = "iPhone Developer: jinglei Cao (YPEGRY8JKN)";
				"CODE_SIGN_IDENTITY[sdk=iphoneos*]" = "iPhone Developer: jinglei Cao (YPEGRY8JKN)";
				GCC_PRECOMPILE_PREFIX_HEADER = YES;
				GCC_PREFIX_HEADER = "Joke/Joke-Prefix.pch";
				INFOPLIST_FILE = "Joke/Joke-Info.plist";
				IPHONEOS_DEPLOYMENT_TARGET = 5.0;
				OTHER_LDFLAGS = "-ObjC";
				PRODUCT_NAME = "$(TARGET_NAME)";
				PROVISIONING_PROFILE = "4ADFFF3E-9B76-4725-9678-CE601251DCF3";
				"PROVISIONING_PROFILE[sdk=iphoneos*]" = "4ADFFF3E-9B76-4725-9678-CE601251DCF3";
				WRAPPER_EXTENSION = app;
			};
			name = Debug;
		};
		43F3C227178EB7F7002E0633 /* Release */ = {
			isa = XCBuildConfiguration;
			buildSettings = {
				CODE_SIGN_IDENTITY = "iPhone Developer: jinglei Cao (YPEGRY8JKN)";
				"CODE_SIGN_IDENTITY[sdk=iphoneos*]" = "iPhone Developer: jinglei Cao (YPEGRY8JKN)";
				GCC_PRECOMPILE_PREFIX_HEADER = YES;
				GCC_PREFIX_HEADER = "Joke/Joke-Prefix.pch";
				INFOPLIST_FILE = "Joke/Joke-Info.plist";
				IPHONEOS_DEPLOYMENT_TARGET = 5.0;
				OTHER_LDFLAGS = "-ObjC";
				PRODUCT_NAME = "$(TARGET_NAME)";
				PROVISIONING_PROFILE = "4ADFFF3E-9B76-4725-9678-CE601251DCF3";
				"PROVISIONING_PROFILE[sdk=iphoneos*]" = "4ADFFF3E-9B76-4725-9678-CE601251DCF3";
				WRAPPER_EXTENSION = app;
			};
			name = Release;
		};
/* End XCBuildConfiguration section */

/* Begin XCConfigurationList section */
		43F3C203178EB7F7002E0633 /* Build configuration list for PBXProject "Joke" */ = {
			isa = XCConfigurationList;
			buildConfigurations = (
				43F3C223178EB7F7002E0633 /* Debug */,
				43F3C224178EB7F7002E0633 /* Release */,
			);
			defaultConfigurationIsVisible = 0;
			defaultConfigurationName = Release;
		};
		43F3C225178EB7F7002E0633 /* Build configuration list for PBXNativeTarget "Joke" */ = {
			isa = XCConfigurationList;
			buildConfigurations = (
				43F3C226178EB7F7002E0633 /* Debug */,
				43F3C227178EB7F7002E0633 /* Release */,
			);
			defaultConfigurationIsVisible = 0;
			defaultConfigurationName = Release;
		};
/* End XCConfigurationList section */

/* Begin XCVersionGroup section */
		43BBBA0817A7EC8F005BB170 /* JokeModel.xcdatamodeld */ = {
			isa = XCVersionGroup;
			children = (
				43BBBA0917A7EC8F005BB170 /* JokeModel.xcdatamodel */,
			);
			currentVersion = 43BBBA0917A7EC8F005BB170 /* JokeModel.xcdatamodel */;
			path = JokeModel.xcdatamodeld;
			sourceTree = "<group>";
			versionGroupType = wrapper.xcdatamodel;
		};
/* End XCVersionGroup section */
	};
	rootObject = 43F3C200178EB7F7002E0633 /* Project object */;
}
